// !$*UTF8*$!
{
	archiveVersion = 1;
	classes = {
	};
	objectVersion = 46;
	objects = {

/* Begin PBXBuildFile section */
		70D4C60A1A237C1E001A655D /* CDAppDelegate.m in Sources */ = {isa = PBXBuildFile; fileRef = 70D4C5401A237C1E001A655D /* CDAppDelegate.m */; };
		70D4C60B1A237C1E001A655D /* CDBaseController.m in Sources */ = {isa = PBXBuildFile; fileRef = 70D4C5441A237C1E001A655D /* CDBaseController.m */; };
		70D4C60C1A237C1E001A655D /* CDBaseNavigationController.m in Sources */ = {isa = PBXBuildFile; fileRef = 70D4C5461A237C1E001A655D /* CDBaseNavigationController.m */; };
		70D4C60D1A237C1E001A655D /* CDBaseTabBarController.m in Sources */ = {isa = PBXBuildFile; fileRef = 70D4C5481A237C1E001A655D /* CDBaseTabBarController.m */; };
		70D4C60E1A237C1E001A655D /* CDBaseTableController.m in Sources */ = {isa = PBXBuildFile; fileRef = 70D4C54A1A237C1E001A655D /* CDBaseTableController.m */; };
		70D4C60F1A237C1E001A655D /* CDChatConfirmController.m in Sources */ = {isa = PBXBuildFile; fileRef = 70D4C54D1A237C1E001A655D /* CDChatConfirmController.m */; };
		70D4C6101A237C1E001A655D /* CDChatDetailController.mm in Sources */ = {isa = PBXBuildFile; fileRef = 70D4C54F1A237C1E001A655D /* CDChatDetailController.mm */; };
		70D4C6111A237C1E001A655D /* CDChatListController.m in Sources */ = {isa = PBXBuildFile; fileRef = 70D4C5511A237C1E001A655D /* CDChatListController.m */; };
		70D4C6121A237C1E001A655D /* CDChatListController.xib in Resources */ = {isa = PBXBuildFile; fileRef = 70D4C5521A237C1E001A655D /* CDChatListController.xib */; };
		70D4C6131A237C1E001A655D /* CDChatRoomController.m in Sources */ = {isa = PBXBuildFile; fileRef = 70D4C5541A237C1E001A655D /* CDChatRoomController.m */; };
		70D4C6141A237C1E001A655D /* CDContactListController.m in Sources */ = {isa = PBXBuildFile; fileRef = 70D4C5571A237C1E001A655D /* CDContactListController.m */; };
		70D4C6151A237C1E001A655D /* CDContactListController.xib in Resources */ = {isa = PBXBuildFile; fileRef = 70D4C5581A237C1E001A655D /* CDContactListController.xib */; };
		70D4C6161A237C1E001A655D /* CDNewFriendTableViewController.m in Sources */ = {isa = PBXBuildFile; fileRef = 70D4C55A1A237C1E001A655D /* CDNewFriendTableViewController.m */; };
		70D4C6171A237C1E001A655D /* CDNewFriendTableViewController.xib in Resources */ = {isa = PBXBuildFile; fileRef = 70D4C55B1A237C1E001A655D /* CDNewFriendTableViewController.xib */; };
		70D4C6181A237C1E001A655D /* #CDRegisterController.m# in Resources */ = {isa = PBXBuildFile; fileRef = 70D4C55D1A237C1E001A655D /* #CDRegisterController.m# */; };
		70D4C6191A237C1E001A655D /* CDAddFriendController.m in Sources */ = {isa = PBXBuildFile; fileRef = 70D4C55F1A237C1E001A655D /* CDAddFriendController.m */; };
		70D4C61A1A237C1E001A655D /* CDAddFriendController.xib in Resources */ = {isa = PBXBuildFile; fileRef = 70D4C5601A237C1E001A655D /* CDAddFriendController.xib */; };
		70D4C61B1A237C1E001A655D /* CDLoginController.m in Sources */ = {isa = PBXBuildFile; fileRef = 70D4C5621A237C1E001A655D /* CDLoginController.m */; };
		70D4C61C1A237C1E001A655D /* CDRegisterController.m in Sources */ = {isa = PBXBuildFile; fileRef = 70D4C5641A237C1E001A655D /* CDRegisterController.m */; };
		70D4C61D1A237C1E001A655D /* CDGroupAddMemberController.m in Sources */ = {isa = PBXBuildFile; fileRef = 70D4C5671A237C1E001A655D /* CDGroupAddMemberController.m */; };
		70D4C61E1A237C1E001A655D /* CDGroupAddMemberController.xib in Resources */ = {isa = PBXBuildFile; fileRef = 70D4C5681A237C1E001A655D /* CDGroupAddMemberController.xib */; };
		70D4C61F1A237C1E001A655D /* CDGroupDetailController.m in Sources */ = {isa = PBXBuildFile; fileRef = 70D4C56A1A237C1E001A655D /* CDGroupDetailController.m */; };
		70D4C6201A237C1E001A655D /* CDGroupDetailController.xib in Resources */ = {isa = PBXBuildFile; fileRef = 70D4C56B1A237C1E001A655D /* CDGroupDetailController.xib */; };
		70D4C6211A237C1E001A655D /* CDGroupTableViewController.m in Sources */ = {isa = PBXBuildFile; fileRef = 70D4C56D1A237C1E001A655D /* CDGroupTableViewController.m */; };
		70D4C6221A237C1E001A655D /* CDGroupTableViewController.xib in Resources */ = {isa = PBXBuildFile; fileRef = 70D4C56E1A237C1E001A655D /* CDGroupTableViewController.xib */; };
		70D4C6231A237C1E001A655D /* CDNewGroupViewController.m in Sources */ = {isa = PBXBuildFile; fileRef = 70D4C5701A237C1E001A655D /* CDNewGroupViewController.m */; };
		70D4C6241A237C1E001A655D /* CDNewGroupViewController.xib in Resources */ = {isa = PBXBuildFile; fileRef = 70D4C5711A237C1E001A655D /* CDNewGroupViewController.xib */; };
		70D4C6251A237C1E001A655D /* CDProfileController.m in Sources */ = {isa = PBXBuildFile; fileRef = 70D4C5741A237C1E001A655D /* CDProfileController.m */; };
		70D4C6261A237C1E001A655D /* CDProfileController.xib in Resources */ = {isa = PBXBuildFile; fileRef = 70D4C5751A237C1E001A655D /* CDProfileController.xib */; };
		70D4C6271A237C1E001A655D /* CDUserInfoController.m in Sources */ = {isa = PBXBuildFile; fileRef = 70D4C5771A237C1E001A655D /* CDUserInfoController.m */; };
		70D4C6281A237C1E001A655D /* CDUserInfoController.xib in Resources */ = {isa = PBXBuildFile; fileRef = 70D4C5781A237C1E001A655D /* CDUserInfoController.xib */; };
		70D4C6291A237C1E001A655D /* CDAddRequestService.m in Sources */ = {isa = PBXBuildFile; fileRef = 70D4C57B1A237C1E001A655D /* CDAddRequestService.m */; };
		70D4C62A1A237C1E001A655D /* CDCloudService.m in Sources */ = {isa = PBXBuildFile; fileRef = 70D4C57D1A237C1E001A655D /* CDCloudService.m */; };
		70D4C62B1A237C1E001A655D /* CDGroupService.m in Sources */ = {isa = PBXBuildFile; fileRef = 70D4C57F1A237C1E001A655D /* CDGroupService.m */; };
		70D4C62C1A237C1E001A655D /* CDUserService.m in Sources */ = {isa = PBXBuildFile; fileRef = 70D4C5811A237C1E001A655D /* CDUserService.m */; };
		70D4C62D1A237C1E001A655D /* CDUtils.m in Sources */ = {isa = PBXBuildFile; fileRef = 70D4C5831A237C1E001A655D /* CDUtils.m */; };
		70D4C62E1A237C1E001A655D /* InfoPlist.strings in Resources */ = {isa = PBXBuildFile; fileRef = 70D4C5841A237C1E001A655D /* InfoPlist.strings */; };
		70D4C62F1A237C1E001A655D /* Images.xcassets in Resources */ = {isa = PBXBuildFile; fileRef = 70D4C5861A237C1E001A655D /* Images.xcassets */; };
		70D4C6301A237C1E001A655D /* LeanChat-Info.plist in Resources */ = {isa = PBXBuildFile; fileRef = 70D4C5871A237C1E001A655D /* LeanChat-Info.plist */; };
		70D4C6311A237C1E001A655D /* main.m in Sources */ = {isa = PBXBuildFile; fileRef = 70D4C5891A237C1E001A655D /* main.m */; };
		70D4C6321A237C1E001A655D /* CDAddRequest.m in Sources */ = {isa = PBXBuildFile; fileRef = 70D4C58D1A237C1E001A655D /* CDAddRequest.m */; };
		70D4C6331A237C1E001A655D /* CDChatGroup.m in Sources */ = {isa = PBXBuildFile; fileRef = 70D4C58F1A237C1E001A655D /* CDChatGroup.m */; };
		70D4C6341A237C1E001A655D /* CDChatRoom.m in Sources */ = {isa = PBXBuildFile; fileRef = 70D4C5911A237C1E001A655D /* CDChatRoom.m */; };
		70D4C6351A237C1E001A655D /* CDMsg.m in Sources */ = {isa = PBXBuildFile; fileRef = 70D4C5931A237C1E001A655D /* CDMsg.m */; };
		70D4C6361A237C1E001A655D /* CDSessionManager.m in Sources */ = {isa = PBXBuildFile; fileRef = 70D4C5951A237C1E001A655D /* CDSessionManager.m */; };
		70D4C6381A237C1E001A655D /* AppIcon60x60@2x.png in Resources */ = {isa = PBXBuildFile; fileRef = 70D4C5981A237C1E001A655D /* AppIcon60x60@2x.png */; };
		70D4C6391A237C1E001A655D /* default_user_avatar.png in Resources */ = {isa = PBXBuildFile; fileRef = 70D4C59A1A237C1E001A655D /* default_user_avatar.png */; };
		70D4C63A1A237C1E001A655D /* chat_menu_people.png in Resources */ = {isa = PBXBuildFile; fileRef = 70D4C59B1A237C1E001A655D /* chat_menu_people.png */; };
		70D4C63B1A237C1E001A655D /* new_friends_icon.png in Resources */ = {isa = PBXBuildFile; fileRef = 70D4C59D1A237C1E001A655D /* new_friends_icon.png */; };
		70D4C63C1A237C1E001A655D /* group_icon.png in Resources */ = {isa = PBXBuildFile; fileRef = 70D4C59E1A237C1E001A655D /* group_icon.png */; };
		70D4C63D1A237C1E001A655D /* Icon@2x.png in Resources */ = {isa = PBXBuildFile; fileRef = 70D4C59F1A237C1E001A655D /* Icon@2x.png */; };
		70D4C63E1A237C1E001A655D /* image_placeholder@2x.png in Resources */ = {isa = PBXBuildFile; fileRef = 70D4C5A01A237C1E001A655D /* image_placeholder@2x.png */; };
		70D4C63F1A237C1E001A655D /* input_bg_bottom@2x.png in Resources */ = {isa = PBXBuildFile; fileRef = 70D4C5A11A237C1E001A655D /* input_bg_bottom@2x.png */; };
		70D4C6401A237C1E001A655D /* input_bg_top@2x.png in Resources */ = {isa = PBXBuildFile; fileRef = 70D4C5A21A237C1E001A655D /* input_bg_top@2x.png */; };
		70D4C6411A237C1E001A655D /* background@2x.png in Resources */ = {isa = PBXBuildFile; fileRef = 70D4C5A41A237C1E001A655D /* background@2x.png */; };
		70D4C6421A237C1E001A655D /* blue_expand_highlight@2x.png in Resources */ = {isa = PBXBuildFile; fileRef = 70D4C5A51A237C1E001A655D /* blue_expand_highlight@2x.png */; };
		70D4C6431A237C1E001A655D /* blue_expand_normal@2x.png in Resources */ = {isa = PBXBuildFile; fileRef = 70D4C5A61A237C1E001A655D /* blue_expand_normal@2x.png */; };
		70D4C6441A237C1E001A655D /* bottom_bar_normal@2x.png in Resources */ = {isa = PBXBuildFile; fileRef = 70D4C5A71A237C1E001A655D /* bottom_bar_normal@2x.png */; };
		70D4C6451A237C1E001A655D /* bottom_bar_selected@2x.png in Resources */ = {isa = PBXBuildFile; fileRef = 70D4C5A81A237C1E001A655D /* bottom_bar_selected@2x.png */; };
		70D4C6461A237C1E001A655D /* bottom_bar_separator@2x.png in Resources */ = {isa = PBXBuildFile; fileRef = 70D4C5A91A237C1E001A655D /* bottom_bar_separator@2x.png */; };
		70D4C6471A237C1E001A655D /* cancel@2x.png in Resources */ = {isa = PBXBuildFile; fileRef = 70D4C5AA1A237C1E001A655D /* cancel@2x.png */; };
		70D4C6481A237C1E001A655D /* cancel_seelected@2x.png in Resources */ = {isa = PBXBuildFile; fileRef = 70D4C5AB1A237C1E001A655D /* cancel_seelected@2x.png */; };
		70D4C6491A237C1E001A655D /* login@2x.png in Resources */ = {isa = PBXBuildFile; fileRef = 70D4C5AC1A237C1E001A655D /* login@2x.png */; };
		70D4C64A1A237C1E001A655D /* login_disabled@2x.png in Resources */ = {isa = PBXBuildFile; fileRef = 70D4C5AD1A237C1E001A655D /* login_disabled@2x.png */; };
		70D4C64B1A237C1E001A655D /* login_selected@2x.png in Resources */ = {isa = PBXBuildFile; fileRef = 70D4C5AE1A237C1E001A655D /* login_selected@2x.png */; };
		70D4C64C1A237C1E001A655D /* ok@2x.png in Resources */ = {isa = PBXBuildFile; fileRef = 70D4C5AF1A237C1E001A655D /* ok@2x.png */; };
		70D4C64D1A237C1E001A655D /* ok_selected@2x.png in Resources */ = {isa = PBXBuildFile; fileRef = 70D4C5B01A237C1E001A655D /* ok_selected@2x.png */; };
		70D4C64E1A237C1E001A655D /* menu_add_friend@2x.png in Resources */ = {isa = PBXBuildFile; fileRef = 70D4C5B21A237C1E001A655D /* menu_add_friend@2x.png */; };
		70D4C64F1A237C1E001A655D /* menu_add_newmessage@2x.png in Resources */ = {isa = PBXBuildFile; fileRef = 70D4C5B31A237C1E001A655D /* menu_add_newmessage@2x.png */; };
		70D4C6501A237C1E001A655D /* menu_add_photo@2x.png in Resources */ = {isa = PBXBuildFile; fileRef = 70D4C5B41A237C1E001A655D /* menu_add_photo@2x.png */; };
		70D4C6511A237C1E001A655D /* menu_add_scan@2x.png in Resources */ = {isa = PBXBuildFile; fileRef = 70D4C5B51A237C1E001A655D /* menu_add_scan@2x.png */; };
		70D4C6521A237C1E001A655D /* menu_add_voip@2x.png in Resources */ = {isa = PBXBuildFile; fileRef = 70D4C5B61A237C1E001A655D /* menu_add_voip@2x.png */; };
		70D4C6531A237C1E001A655D /* menu_background@2x.png in Resources */ = {isa = PBXBuildFile; fileRef = 70D4C5B71A237C1E001A655D /* menu_background@2x.png */; };
		70D4C6541A237C1E001A655D /* splash_back_old.png in Resources */ = {isa = PBXBuildFile; fileRef = 70D4C5B81A237C1E001A655D /* splash_back_old.png */; };
		70D4C6551A237C1E001A655D /* contact@2x.png in Resources */ = {isa = PBXBuildFile; fileRef = 70D4C5BA1A237C1E001A655D /* contact@2x.png */; };
		70D4C6561A237C1E001A655D /* profile@2x.png in Resources */ = {isa = PBXBuildFile; fileRef = 70D4C5BB1A237C1E001A655D /* profile@2x.png */; };
		70D4C6571A237C1E001A655D /* sns@2x.png in Resources */ = {isa = PBXBuildFile; fileRef = 70D4C5BC1A237C1E001A655D /* sns@2x.png */; };
		70D4C6581A237C1E001A655D /* wechat@2x.png in Resources */ = {isa = PBXBuildFile; fileRef = 70D4C5BD1A237C1E001A655D /* wechat@2x.png */; };
		70D4C6591A237C1E001A655D /* FMDatabase.m in Sources */ = {isa = PBXBuildFile; fileRef = 70D4C5C41A237C1E001A655D /* FMDatabase.m */; };
		70D4C65A1A237C1E001A655D /* FMDatabaseAdditions.m in Sources */ = {isa = PBXBuildFile; fileRef = 70D4C5C61A237C1E001A655D /* FMDatabaseAdditions.m */; };
		70D4C65B1A237C1E001A655D /* FMDatabasePool.m in Sources */ = {isa = PBXBuildFile; fileRef = 70D4C5C81A237C1E001A655D /* FMDatabasePool.m */; };
		70D4C65C1A237C1E001A655D /* FMDatabaseQueue.m in Sources */ = {isa = PBXBuildFile; fileRef = 70D4C5CA1A237C1E001A655D /* FMDatabaseQueue.m */; };
		70D4C65D1A237C1E001A655D /* FMResultSet.m in Sources */ = {isa = PBXBuildFile; fileRef = 70D4C5CD1A237C1E001A655D /* FMResultSet.m */; };
		70D4C65E1A237C1E001A655D /* QBImagePickerController.strings in Resources */ = {isa = PBXBuildFile; fileRef = 70D4C5D01A237C1E001A655D /* QBImagePickerController.strings */; };
		70D4C65F1A237C1E001A655D /* QBAssetsCollectionCheckmarkView.m in Sources */ = {isa = PBXBuildFile; fileRef = 70D4C5D51A237C1E001A655D /* QBAssetsCollectionCheckmarkView.m */; };
		70D4C6601A237C1E001A655D /* QBAssetsCollectionFooterView.m in Sources */ = {isa = PBXBuildFile; fileRef = 70D4C5D71A237C1E001A655D /* QBAssetsCollectionFooterView.m */; };
		70D4C6611A237C1E001A655D /* QBAssetsCollectionOverlayView.m in Sources */ = {isa = PBXBuildFile; fileRef = 70D4C5D91A237C1E001A655D /* QBAssetsCollectionOverlayView.m */; };
		70D4C6621A237C1E001A655D /* QBAssetsCollectionVideoIndicatorView.m in Sources */ = {isa = PBXBuildFile; fileRef = 70D4C5DB1A237C1E001A655D /* QBAssetsCollectionVideoIndicatorView.m */; };
		70D4C6631A237C1E001A655D /* QBAssetsCollectionViewCell.m in Sources */ = {isa = PBXBuildFile; fileRef = 70D4C5DD1A237C1E001A655D /* QBAssetsCollectionViewCell.m */; };
		70D4C6641A237C1E001A655D /* QBAssetsCollectionViewController.m in Sources */ = {isa = PBXBuildFile; fileRef = 70D4C5DF1A237C1E001A655D /* QBAssetsCollectionViewController.m */; };
		70D4C6651A237C1E001A655D /* QBAssetsCollectionViewLayout.m in Sources */ = {isa = PBXBuildFile; fileRef = 70D4C5E11A237C1E001A655D /* QBAssetsCollectionViewLayout.m */; };
		70D4C6661A237C1E001A655D /* QBImagePickerController.m in Sources */ = {isa = PBXBuildFile; fileRef = 70D4C5E31A237C1E001A655D /* QBImagePickerController.m */; };
		70D4C6671A237C1E001A655D /* QBImagePickerGroupCell.m in Sources */ = {isa = PBXBuildFile; fileRef = 70D4C5E51A237C1E001A655D /* QBImagePickerGroupCell.m */; };
		70D4C6681A237C1E001A655D /* QBImagePickerThumbnailView.m in Sources */ = {isa = PBXBuildFile; fileRef = 70D4C5E71A237C1E001A655D /* QBImagePickerThumbnailView.m */; };
		70D4C6691A237C1E001A655D /* DataMatrix.mm in Sources */ = {isa = PBXBuildFile; fileRef = 70D4C5EA1A237C1E001A655D /* DataMatrix.mm */; };
		70D4C66A1A237C1E001A655D /* QR_Encode.cpp in Sources */ = {isa = PBXBuildFile; fileRef = 70D4C5EB1A237C1E001A655D /* QR_Encode.cpp */; };
		70D4C66B1A237C1E001A655D /* QREncoder.mm in Sources */ = {isa = PBXBuildFile; fileRef = 70D4C5EE1A237C1E001A655D /* QREncoder.mm */; };
		70D4C66C1A237C1E001A655D /* UIImage+Resize.m in Sources */ = {isa = PBXBuildFile; fileRef = 70D4C5F01A237C1E001A655D /* UIImage+Resize.m */; };
		70D4C66D1A237C1E001A655D /* CDButton.m in Sources */ = {isa = PBXBuildFile; fileRef = 70D4C5F31A237C1E001A655D /* CDButton.m */; };
		70D4C66E1A237C1E001A655D /* CDImageLabelCollectionCell.m in Sources */ = {isa = PBXBuildFile; fileRef = 70D4C5F51A237C1E001A655D /* CDImageLabelCollectionCell.m */; };
		70D4C66F1A237C1E001A655D /* CDImageLabelCollectionCell.xib in Resources */ = {isa = PBXBuildFile; fileRef = 70D4C5F61A237C1E001A655D /* CDImageLabelCollectionCell.xib */; };
		70D4C6701A237C1E001A655D /* CDImageLabelTableCell.m in Sources */ = {isa = PBXBuildFile; fileRef = 70D4C5F81A237C1E001A655D /* CDImageLabelTableCell.m */; };
		70D4C6711A237C1E001A655D /* CDImageLabelTableCell.xib in Resources */ = {isa = PBXBuildFile; fileRef = 70D4C5F91A237C1E001A655D /* CDImageLabelTableCell.xib */; };
		70D4C6721A237C1E001A655D /* CDImageTwoLabelTableCell.m in Sources */ = {isa = PBXBuildFile; fileRef = 70D4C5FB1A237C1E001A655D /* CDImageTwoLabelTableCell.m */; };
		70D4C6731A237C1E001A655D /* CDImageTwoLabelTableCell.xib in Resources */ = {isa = PBXBuildFile; fileRef = 70D4C5FC1A237C1E001A655D /* CDImageTwoLabelTableCell.xib */; };
		70D4C6741A237C1E001A655D /* CDLabelButtonTableCell.m in Sources */ = {isa = PBXBuildFile; fileRef = 70D4C5FE1A237C1E001A655D /* CDLabelButtonTableCell.m */; };
		70D4C6751A237C1E001A655D /* CDLabelButtonTableCell.xib in Resources */ = {isa = PBXBuildFile; fileRef = 70D4C5FF1A237C1E001A655D /* CDLabelButtonTableCell.xib */; };
		70D4C6761A237C1E001A655D /* CDPopMenu.m in Sources */ = {isa = PBXBuildFile; fileRef = 70D4C6011A237C1E001A655D /* CDPopMenu.m */; };
		70D4C6771A237C1E001A655D /* CDPopMenuItem.m in Sources */ = {isa = PBXBuildFile; fileRef = 70D4C6031A237C1E001A655D /* CDPopMenuItem.m */; };
		70D4C6781A237C1E001A655D /* CDPopMenuItemCell.m in Sources */ = {isa = PBXBuildFile; fileRef = 70D4C6051A237C1E001A655D /* CDPopMenuItemCell.m */; };
		70D4C6791A237C1E001A655D /* CDTextField.m in Sources */ = {isa = PBXBuildFile; fileRef = 70D4C6071A237C1E001A655D /* CDTextField.m */; };
		70D4C67A1A237C1E001A655D /* ResizableButton.m in Sources */ = {isa = PBXBuildFile; fileRef = 70D4C6091A237C1E001A655D /* ResizableButton.m */; };
		8C470C9D19926019006A4E87 /* libiconv.dylib in Frameworks */ = {isa = PBXBuildFile; fileRef = 8C470C9C19926019006A4E87 /* libiconv.dylib */; };
		8C925C1F19876D8100D2750B /* libicucore.dylib in Frameworks */ = {isa = PBXBuildFile; fileRef = 8C925C1E19876D8100D2750B /* libicucore.dylib */; };
		8C925CB71987C20800D2750B /* libsqlite3.dylib in Frameworks */ = {isa = PBXBuildFile; fileRef = 8C925CB61987C20800D2750B /* libsqlite3.dylib */; };
		8CB308551980FBD900BDC34D /* CoreLocation.framework in Frameworks */ = {isa = PBXBuildFile; fileRef = 8CB308541980FBD900BDC34D /* CoreLocation.framework */; };
		8CB308571980FBEC00BDC34D /* MobileCoreServices.framework in Frameworks */ = {isa = PBXBuildFile; fileRef = 8CB308561980FBEC00BDC34D /* MobileCoreServices.framework */; };
		8CB308591980FBF900BDC34D /* CoreTelephony.framework in Frameworks */ = {isa = PBXBuildFile; fileRef = 8CB308581980FBF900BDC34D /* CoreTelephony.framework */; };
		8CB3085B1980FC1400BDC34D /* SystemConfiguration.framework in Frameworks */ = {isa = PBXBuildFile; fileRef = 8CB3085A1980FC1400BDC34D /* SystemConfiguration.framework */; };
		8CF21DCB197FCCC1002B9220 /* Foundation.framework in Frameworks */ = {isa = PBXBuildFile; fileRef = 8CF21DCA197FCCC1002B9220 /* Foundation.framework */; };
		8CF21DCD197FCCC1002B9220 /* CoreGraphics.framework in Frameworks */ = {isa = PBXBuildFile; fileRef = 8CF21DCC197FCCC1002B9220 /* CoreGraphics.framework */; };
		8CF21DCF197FCCC1002B9220 /* UIKit.framework in Frameworks */ = {isa = PBXBuildFile; fileRef = 8CF21DCE197FCCC1002B9220 /* UIKit.framework */; };
		B0D4DC0C4CAAFC88082981E6 /* libPods.a in Frameworks */ = {isa = PBXBuildFile; fileRef = 4D569F4B827DF50C11F64070 /* libPods.a */; };
/* End PBXBuildFile section */

/* Begin PBXFileReference section */
		1AE56C31C63DFD24A31AC420 /* Pods.debug.xcconfig */ = {isa = PBXFileReference; includeInIndex = 1; lastKnownFileType = text.xcconfig; name = Pods.debug.xcconfig; path = "Pods/Target Support Files/Pods/Pods.debug.xcconfig"; sourceTree = "<group>"; };
		4D569F4B827DF50C11F64070 /* libPods.a */ = {isa = PBXFileReference; explicitFileType = archive.ar; includeInIndex = 0; path = libPods.a; sourceTree = BUILT_PRODUCTS_DIR; };
		5CEDD32E8213E54F4209381A /* libPods-LeanChat.a */ = {isa = PBXFileReference; explicitFileType = archive.ar; includeInIndex = 0; path = "libPods-LeanChat.a"; sourceTree = BUILT_PRODUCTS_DIR; };
		70D4C53F1A237C1E001A655D /* CDAppDelegate.h */ = {isa = PBXFileReference; fileEncoding = 4; lastKnownFileType = sourcecode.c.h; path = CDAppDelegate.h; sourceTree = "<group>"; };
		70D4C5401A237C1E001A655D /* CDAppDelegate.m */ = {isa = PBXFileReference; fileEncoding = 4; lastKnownFileType = sourcecode.c.objc; path = CDAppDelegate.m; sourceTree = "<group>"; };
		70D4C5431A237C1E001A655D /* CDBaseController.h */ = {isa = PBXFileReference; fileEncoding = 4; lastKnownFileType = sourcecode.c.h; path = CDBaseController.h; sourceTree = "<group>"; };
		70D4C5441A237C1E001A655D /* CDBaseController.m */ = {isa = PBXFileReference; fileEncoding = 4; lastKnownFileType = sourcecode.c.objc; path = CDBaseController.m; sourceTree = "<group>"; };
		70D4C5451A237C1E001A655D /* CDBaseNavigationController.h */ = {isa = PBXFileReference; fileEncoding = 4; lastKnownFileType = sourcecode.c.h; path = CDBaseNavigationController.h; sourceTree = "<group>"; };
		70D4C5461A237C1E001A655D /* CDBaseNavigationController.m */ = {isa = PBXFileReference; fileEncoding = 4; lastKnownFileType = sourcecode.c.objc; path = CDBaseNavigationController.m; sourceTree = "<group>"; };
		70D4C5471A237C1E001A655D /* CDBaseTabBarController.h */ = {isa = PBXFileReference; fileEncoding = 4; lastKnownFileType = sourcecode.c.h; path = CDBaseTabBarController.h; sourceTree = "<group>"; };
		70D4C5481A237C1E001A655D /* CDBaseTabBarController.m */ = {isa = PBXFileReference; fileEncoding = 4; lastKnownFileType = sourcecode.c.objc; path = CDBaseTabBarController.m; sourceTree = "<group>"; };
		70D4C5491A237C1E001A655D /* CDBaseTableController.h */ = {isa = PBXFileReference; fileEncoding = 4; lastKnownFileType = sourcecode.c.h; path = CDBaseTableController.h; sourceTree = "<group>"; };
		70D4C54A1A237C1E001A655D /* CDBaseTableController.m */ = {isa = PBXFileReference; fileEncoding = 4; lastKnownFileType = sourcecode.c.objc; path = CDBaseTableController.m; sourceTree = "<group>"; };
		70D4C54C1A237C1E001A655D /* CDChatConfirmController.h */ = {isa = PBXFileReference; fileEncoding = 4; lastKnownFileType = sourcecode.c.h; path = CDChatConfirmController.h; sourceTree = "<group>"; };
		70D4C54D1A237C1E001A655D /* CDChatConfirmController.m */ = {isa = PBXFileReference; fileEncoding = 4; lastKnownFileType = sourcecode.c.objc; path = CDChatConfirmController.m; sourceTree = "<group>"; };
		70D4C54E1A237C1E001A655D /* CDChatDetailController.h */ = {isa = PBXFileReference; fileEncoding = 4; lastKnownFileType = sourcecode.c.h; path = CDChatDetailController.h; sourceTree = "<group>"; };
		70D4C54F1A237C1E001A655D /* CDChatDetailController.mm */ = {isa = PBXFileReference; fileEncoding = 4; lastKnownFileType = sourcecode.cpp.objcpp; path = CDChatDetailController.mm; sourceTree = "<group>"; };
		70D4C5501A237C1E001A655D /* CDChatListController.h */ = {isa = PBXFileReference; fileEncoding = 4; lastKnownFileType = sourcecode.c.h; path = CDChatListController.h; sourceTree = "<group>"; };
		70D4C5511A237C1E001A655D /* CDChatListController.m */ = {isa = PBXFileReference; fileEncoding = 4; lastKnownFileType = sourcecode.c.objc; path = CDChatListController.m; sourceTree = "<group>"; };
		70D4C5521A237C1E001A655D /* CDChatListController.xib */ = {isa = PBXFileReference; fileEncoding = 4; lastKnownFileType = file.xib; path = CDChatListController.xib; sourceTree = "<group>"; };
		70D4C5531A237C1E001A655D /* CDChatRoomController.h */ = {isa = PBXFileReference; fileEncoding = 4; lastKnownFileType = sourcecode.c.h; path = CDChatRoomController.h; sourceTree = "<group>"; };
		70D4C5541A237C1E001A655D /* CDChatRoomController.m */ = {isa = PBXFileReference; fileEncoding = 4; lastKnownFileType = sourcecode.c.objc; path = CDChatRoomController.m; sourceTree = "<group>"; };
		70D4C5561A237C1E001A655D /* CDContactListController.h */ = {isa = PBXFileReference; fileEncoding = 4; lastKnownFileType = sourcecode.c.h; path = CDContactListController.h; sourceTree = "<group>"; };
		70D4C5571A237C1E001A655D /* CDContactListController.m */ = {isa = PBXFileReference; fileEncoding = 4; lastKnownFileType = sourcecode.c.objc; path = CDContactListController.m; sourceTree = "<group>"; };
		70D4C5581A237C1E001A655D /* CDContactListController.xib */ = {isa = PBXFileReference; fileEncoding = 4; lastKnownFileType = file.xib; path = CDContactListController.xib; sourceTree = "<group>"; };
		70D4C5591A237C1E001A655D /* CDNewFriendTableViewController.h */ = {isa = PBXFileReference; fileEncoding = 4; lastKnownFileType = sourcecode.c.h; path = CDNewFriendTableViewController.h; sourceTree = "<group>"; };
		70D4C55A1A237C1E001A655D /* CDNewFriendTableViewController.m */ = {isa = PBXFileReference; fileEncoding = 4; lastKnownFileType = sourcecode.c.objc; path = CDNewFriendTableViewController.m; sourceTree = "<group>"; };
		70D4C55B1A237C1E001A655D /* CDNewFriendTableViewController.xib */ = {isa = PBXFileReference; fileEncoding = 4; lastKnownFileType = file.xib; path = CDNewFriendTableViewController.xib; sourceTree = "<group>"; };
		70D4C55D1A237C1E001A655D /* #CDRegisterController.m# */ = {isa = PBXFileReference; fileEncoding = 4; lastKnownFileType = text; path = "#CDRegisterController.m#"; sourceTree = "<group>"; };
		70D4C55E1A237C1E001A655D /* CDAddFriendController.h */ = {isa = PBXFileReference; fileEncoding = 4; lastKnownFileType = sourcecode.c.h; path = CDAddFriendController.h; sourceTree = "<group>"; };
		70D4C55F1A237C1E001A655D /* CDAddFriendController.m */ = {isa = PBXFileReference; fileEncoding = 4; lastKnownFileType = sourcecode.c.objc; path = CDAddFriendController.m; sourceTree = "<group>"; };
		70D4C5601A237C1E001A655D /* CDAddFriendController.xib */ = {isa = PBXFileReference; fileEncoding = 4; lastKnownFileType = file.xib; path = CDAddFriendController.xib; sourceTree = "<group>"; };
		70D4C5611A237C1E001A655D /* CDLoginController.h */ = {isa = PBXFileReference; fileEncoding = 4; lastKnownFileType = sourcecode.c.h; path = CDLoginController.h; sourceTree = "<group>"; };
		70D4C5621A237C1E001A655D /* CDLoginController.m */ = {isa = PBXFileReference; fileEncoding = 4; lastKnownFileType = sourcecode.c.objc; path = CDLoginController.m; sourceTree = "<group>"; };
		70D4C5631A237C1E001A655D /* CDRegisterController.h */ = {isa = PBXFileReference; fileEncoding = 4; lastKnownFileType = sourcecode.c.h; path = CDRegisterController.h; sourceTree = "<group>"; };
		70D4C5641A237C1E001A655D /* CDRegisterController.m */ = {isa = PBXFileReference; fileEncoding = 4; lastKnownFileType = sourcecode.c.objc; path = CDRegisterController.m; sourceTree = "<group>"; };
		70D4C5661A237C1E001A655D /* CDGroupAddMemberController.h */ = {isa = PBXFileReference; fileEncoding = 4; lastKnownFileType = sourcecode.c.h; path = CDGroupAddMemberController.h; sourceTree = "<group>"; };
		70D4C5671A237C1E001A655D /* CDGroupAddMemberController.m */ = {isa = PBXFileReference; fileEncoding = 4; lastKnownFileType = sourcecode.c.objc; path = CDGroupAddMemberController.m; sourceTree = "<group>"; };
		70D4C5681A237C1E001A655D /* CDGroupAddMemberController.xib */ = {isa = PBXFileReference; fileEncoding = 4; lastKnownFileType = file.xib; path = CDGroupAddMemberController.xib; sourceTree = "<group>"; };
		70D4C5691A237C1E001A655D /* CDGroupDetailController.h */ = {isa = PBXFileReference; fileEncoding = 4; lastKnownFileType = sourcecode.c.h; path = CDGroupDetailController.h; sourceTree = "<group>"; };
		70D4C56A1A237C1E001A655D /* CDGroupDetailController.m */ = {isa = PBXFileReference; fileEncoding = 4; lastKnownFileType = sourcecode.c.objc; path = CDGroupDetailController.m; sourceTree = "<group>"; };
		70D4C56B1A237C1E001A655D /* CDGroupDetailController.xib */ = {isa = PBXFileReference; fileEncoding = 4; lastKnownFileType = file.xib; path = CDGroupDetailController.xib; sourceTree = "<group>"; };
		70D4C56C1A237C1E001A655D /* CDGroupTableViewController.h */ = {isa = PBXFileReference; fileEncoding = 4; lastKnownFileType = sourcecode.c.h; path = CDGroupTableViewController.h; sourceTree = "<group>"; };
		70D4C56D1A237C1E001A655D /* CDGroupTableViewController.m */ = {isa = PBXFileReference; fileEncoding = 4; lastKnownFileType = sourcecode.c.objc; path = CDGroupTableViewController.m; sourceTree = "<group>"; };
		70D4C56E1A237C1E001A655D /* CDGroupTableViewController.xib */ = {isa = PBXFileReference; fileEncoding = 4; lastKnownFileType = file.xib; path = CDGroupTableViewController.xib; sourceTree = "<group>"; };
		70D4C56F1A237C1E001A655D /* CDNewGroupViewController.h */ = {isa = PBXFileReference; fileEncoding = 4; lastKnownFileType = sourcecode.c.h; path = CDNewGroupViewController.h; sourceTree = "<group>"; };
		70D4C5701A237C1E001A655D /* CDNewGroupViewController.m */ = {isa = PBXFileReference; fileEncoding = 4; lastKnownFileType = sourcecode.c.objc; path = CDNewGroupViewController.m; sourceTree = "<group>"; };
		70D4C5711A237C1E001A655D /* CDNewGroupViewController.xib */ = {isa = PBXFileReference; fileEncoding = 4; lastKnownFileType = file.xib; path = CDNewGroupViewController.xib; sourceTree = "<group>"; };
		70D4C5731A237C1E001A655D /* CDProfileController.h */ = {isa = PBXFileReference; fileEncoding = 4; lastKnownFileType = sourcecode.c.h; path = CDProfileController.h; sourceTree = "<group>"; };
		70D4C5741A237C1E001A655D /* CDProfileController.m */ = {isa = PBXFileReference; fileEncoding = 4; lastKnownFileType = sourcecode.c.objc; path = CDProfileController.m; sourceTree = "<group>"; };
		70D4C5751A237C1E001A655D /* CDProfileController.xib */ = {isa = PBXFileReference; fileEncoding = 4; lastKnownFileType = file.xib; path = CDProfileController.xib; sourceTree = "<group>"; };
		70D4C5761A237C1E001A655D /* CDUserInfoController.h */ = {isa = PBXFileReference; fileEncoding = 4; lastKnownFileType = sourcecode.c.h; path = CDUserInfoController.h; sourceTree = "<group>"; };
		70D4C5771A237C1E001A655D /* CDUserInfoController.m */ = {isa = PBXFileReference; fileEncoding = 4; lastKnownFileType = sourcecode.c.objc; path = CDUserInfoController.m; sourceTree = "<group>"; };
		70D4C5781A237C1E001A655D /* CDUserInfoController.xib */ = {isa = PBXFileReference; fileEncoding = 4; lastKnownFileType = file.xib; path = CDUserInfoController.xib; sourceTree = "<group>"; };
		70D4C57A1A237C1E001A655D /* CDAddRequestService.h */ = {isa = PBXFileReference; fileEncoding = 4; lastKnownFileType = sourcecode.c.h; path = CDAddRequestService.h; sourceTree = "<group>"; };
		70D4C57B1A237C1E001A655D /* CDAddRequestService.m */ = {isa = PBXFileReference; fileEncoding = 4; lastKnownFileType = sourcecode.c.objc; path = CDAddRequestService.m; sourceTree = "<group>"; };
		70D4C57C1A237C1E001A655D /* CDCloudService.h */ = {isa = PBXFileReference; fileEncoding = 4; lastKnownFileType = sourcecode.c.h; path = CDCloudService.h; sourceTree = "<group>"; };
		70D4C57D1A237C1E001A655D /* CDCloudService.m */ = {isa = PBXFileReference; fileEncoding = 4; lastKnownFileType = sourcecode.c.objc; path = CDCloudService.m; sourceTree = "<group>"; };
		70D4C57E1A237C1E001A655D /* CDGroupService.h */ = {isa = PBXFileReference; fileEncoding = 4; lastKnownFileType = sourcecode.c.h; path = CDGroupService.h; sourceTree = "<group>"; };
		70D4C57F1A237C1E001A655D /* CDGroupService.m */ = {isa = PBXFileReference; fileEncoding = 4; lastKnownFileType = sourcecode.c.objc; path = CDGroupService.m; sourceTree = "<group>"; };
		70D4C5801A237C1E001A655D /* CDUserService.h */ = {isa = PBXFileReference; fileEncoding = 4; lastKnownFileType = sourcecode.c.h; path = CDUserService.h; sourceTree = "<group>"; };
		70D4C5811A237C1E001A655D /* CDUserService.m */ = {isa = PBXFileReference; fileEncoding = 4; lastKnownFileType = sourcecode.c.objc; path = CDUserService.m; sourceTree = "<group>"; };
		70D4C5821A237C1E001A655D /* CDUtils.h */ = {isa = PBXFileReference; fileEncoding = 4; lastKnownFileType = sourcecode.c.h; path = CDUtils.h; sourceTree = "<group>"; };
		70D4C5831A237C1E001A655D /* CDUtils.m */ = {isa = PBXFileReference; fileEncoding = 4; lastKnownFileType = sourcecode.c.objc; path = CDUtils.m; sourceTree = "<group>"; };
		70D4C5851A237C1E001A655D /* en */ = {isa = PBXFileReference; lastKnownFileType = text.plist.strings; name = en; path = en.lproj/InfoPlist.strings; sourceTree = "<group>"; };
		70D4C5861A237C1E001A655D /* Images.xcassets */ = {isa = PBXFileReference; lastKnownFileType = folder.assetcatalog; path = Images.xcassets; sourceTree = "<group>"; };
		70D4C5871A237C1E001A655D /* LeanChat-Info.plist */ = {isa = PBXFileReference; fileEncoding = 4; lastKnownFileType = text.plist.xml; path = "LeanChat-Info.plist"; sourceTree = "<group>"; };
		70D4C5881A237C1E001A655D /* LeanChat-Prefix.pch */ = {isa = PBXFileReference; fileEncoding = 4; lastKnownFileType = sourcecode.c.h; path = "LeanChat-Prefix.pch"; sourceTree = "<group>"; };
		70D4C5891A237C1E001A655D /* main.m */ = {isa = PBXFileReference; fileEncoding = 4; lastKnownFileType = sourcecode.c.objc; path = main.m; sourceTree = "<group>"; };
		70D4C58C1A237C1E001A655D /* CDAddRequest.h */ = {isa = PBXFileReference; fileEncoding = 4; lastKnownFileType = sourcecode.c.h; path = CDAddRequest.h; sourceTree = "<group>"; };
		70D4C58D1A237C1E001A655D /* CDAddRequest.m */ = {isa = PBXFileReference; fileEncoding = 4; lastKnownFileType = sourcecode.c.objc; path = CDAddRequest.m; sourceTree = "<group>"; };
		70D4C58E1A237C1E001A655D /* CDChatGroup.h */ = {isa = PBXFileReference; fileEncoding = 4; lastKnownFileType = sourcecode.c.h; path = CDChatGroup.h; sourceTree = "<group>"; };
		70D4C58F1A237C1E001A655D /* CDChatGroup.m */ = {isa = PBXFileReference; fileEncoding = 4; lastKnownFileType = sourcecode.c.objc; path = CDChatGroup.m; sourceTree = "<group>"; };
		70D4C5901A237C1E001A655D /* CDChatRoom.h */ = {isa = PBXFileReference; fileEncoding = 4; lastKnownFileType = sourcecode.c.h; path = CDChatRoom.h; sourceTree = "<group>"; };
		70D4C5911A237C1E001A655D /* CDChatRoom.m */ = {isa = PBXFileReference; fileEncoding = 4; lastKnownFileType = sourcecode.c.objc; path = CDChatRoom.m; sourceTree = "<group>"; };
		70D4C5921A237C1E001A655D /* CDMsg.h */ = {isa = PBXFileReference; fileEncoding = 4; lastKnownFileType = sourcecode.c.h; path = CDMsg.h; sourceTree = "<group>"; };
		70D4C5931A237C1E001A655D /* CDMsg.m */ = {isa = PBXFileReference; fileEncoding = 4; lastKnownFileType = sourcecode.c.objc; path = CDMsg.m; sourceTree = "<group>"; };
		70D4C5941A237C1E001A655D /* CDSessionManager.h */ = {isa = PBXFileReference; fileEncoding = 4; lastKnownFileType = sourcecode.c.h; path = CDSessionManager.h; sourceTree = "<group>"; };
		70D4C5951A237C1E001A655D /* CDSessionManager.m */ = {isa = PBXFileReference; fileEncoding = 4; lastKnownFileType = sourcecode.c.objc; path = CDSessionManager.m; sourceTree = "<group>"; };
		70D4C5981A237C1E001A655D /* AppIcon60x60@2x.png */ = {isa = PBXFileReference; lastKnownFileType = image.png; path = "AppIcon60x60@2x.png"; sourceTree = "<group>"; };
		70D4C59A1A237C1E001A655D /* default_user_avatar.png */ = {isa = PBXFileReference; lastKnownFileType = image.png; path = default_user_avatar.png; sourceTree = "<group>"; };
		70D4C59B1A237C1E001A655D /* chat_menu_people.png */ = {isa = PBXFileReference; lastKnownFileType = image.png; path = chat_menu_people.png; sourceTree = "<group>"; };
		70D4C59D1A237C1E001A655D /* new_friends_icon.png */ = {isa = PBXFileReference; lastKnownFileType = image.png; path = new_friends_icon.png; sourceTree = "<group>"; };
		70D4C59E1A237C1E001A655D /* group_icon.png */ = {isa = PBXFileReference; lastKnownFileType = image.png; path = group_icon.png; sourceTree = "<group>"; };
		70D4C59F1A237C1E001A655D /* Icon@2x.png */ = {isa = PBXFileReference; lastKnownFileType = image.png; path = "Icon@2x.png"; sourceTree = "<group>"; };
		70D4C5A01A237C1E001A655D /* image_placeholder@2x.png */ = {isa = PBXFileReference; lastKnownFileType = image.png; path = "image_placeholder@2x.png"; sourceTree = "<group>"; };
		70D4C5A11A237C1E001A655D /* input_bg_bottom@2x.png */ = {isa = PBXFileReference; lastKnownFileType = image.png; path = "input_bg_bottom@2x.png"; sourceTree = "<group>"; };
		70D4C5A21A237C1E001A655D /* input_bg_top@2x.png */ = {isa = PBXFileReference; lastKnownFileType = image.png; path = "input_bg_top@2x.png"; sourceTree = "<group>"; };
		70D4C5A41A237C1E001A655D /* background@2x.png */ = {isa = PBXFileReference; lastKnownFileType = image.png; path = "background@2x.png"; sourceTree = "<group>"; };
		70D4C5A51A237C1E001A655D /* blue_expand_highlight@2x.png */ = {isa = PBXFileReference; lastKnownFileType = image.png; path = "blue_expand_highlight@2x.png"; sourceTree = "<group>"; };
		70D4C5A61A237C1E001A655D /* blue_expand_normal@2x.png */ = {isa = PBXFileReference; lastKnownFileType = image.png; path = "blue_expand_normal@2x.png"; sourceTree = "<group>"; };
		70D4C5A71A237C1E001A655D /* bottom_bar_normal@2x.png */ = {isa = PBXFileReference; lastKnownFileType = image.png; path = "bottom_bar_normal@2x.png"; sourceTree = "<group>"; };
		70D4C5A81A237C1E001A655D /* bottom_bar_selected@2x.png */ = {isa = PBXFileReference; lastKnownFileType = image.png; path = "bottom_bar_selected@2x.png"; sourceTree = "<group>"; };
		70D4C5A91A237C1E001A655D /* bottom_bar_separator@2x.png */ = {isa = PBXFileReference; lastKnownFileType = image.png; path = "bottom_bar_separator@2x.png"; sourceTree = "<group>"; };
		70D4C5AA1A237C1E001A655D /* cancel@2x.png */ = {isa = PBXFileReference; lastKnownFileType = image.png; path = "cancel@2x.png"; sourceTree = "<group>"; };
		70D4C5AB1A237C1E001A655D /* cancel_seelected@2x.png */ = {isa = PBXFileReference; lastKnownFileType = image.png; path = "cancel_seelected@2x.png"; sourceTree = "<group>"; };
		70D4C5AC1A237C1E001A655D /* login@2x.png */ = {isa = PBXFileReference; lastKnownFileType = image.png; path = "login@2x.png"; sourceTree = "<group>"; };
		70D4C5AD1A237C1E001A655D /* login_disabled@2x.png */ = {isa = PBXFileReference; lastKnownFileType = image.png; path = "login_disabled@2x.png"; sourceTree = "<group>"; };
		70D4C5AE1A237C1E001A655D /* login_selected@2x.png */ = {isa = PBXFileReference; lastKnownFileType = image.png; path = "login_selected@2x.png"; sourceTree = "<group>"; };
		70D4C5AF1A237C1E001A655D /* ok@2x.png */ = {isa = PBXFileReference; lastKnownFileType = image.png; path = "ok@2x.png"; sourceTree = "<group>"; };
		70D4C5B01A237C1E001A655D /* ok_selected@2x.png */ = {isa = PBXFileReference; lastKnownFileType = image.png; path = "ok_selected@2x.png"; sourceTree = "<group>"; };
		70D4C5B21A237C1E001A655D /* menu_add_friend@2x.png */ = {isa = PBXFileReference; lastKnownFileType = image.png; path = "menu_add_friend@2x.png"; sourceTree = "<group>"; };
		70D4C5B31A237C1E001A655D /* menu_add_newmessage@2x.png */ = {isa = PBXFileReference; lastKnownFileType = image.png; path = "menu_add_newmessage@2x.png"; sourceTree = "<group>"; };
		70D4C5B41A237C1E001A655D /* menu_add_photo@2x.png */ = {isa = PBXFileReference; lastKnownFileType = image.png; path = "menu_add_photo@2x.png"; sourceTree = "<group>"; };
		70D4C5B51A237C1E001A655D /* menu_add_scan@2x.png */ = {isa = PBXFileReference; lastKnownFileType = image.png; path = "menu_add_scan@2x.png"; sourceTree = "<group>"; };
		70D4C5B61A237C1E001A655D /* menu_add_voip@2x.png */ = {isa = PBXFileReference; lastKnownFileType = image.png; path = "menu_add_voip@2x.png"; sourceTree = "<group>"; };
		70D4C5B71A237C1E001A655D /* menu_background@2x.png */ = {isa = PBXFileReference; lastKnownFileType = image.png; path = "menu_background@2x.png"; sourceTree = "<group>"; };
		70D4C5B81A237C1E001A655D /* splash_back_old.png */ = {isa = PBXFileReference; lastKnownFileType = image.png; path = splash_back_old.png; sourceTree = "<group>"; };
		70D4C5BA1A237C1E001A655D /* contact@2x.png */ = {isa = PBXFileReference; lastKnownFileType = image.png; path = "contact@2x.png"; sourceTree = "<group>"; };
		70D4C5BB1A237C1E001A655D /* profile@2x.png */ = {isa = PBXFileReference; lastKnownFileType = image.png; path = "profile@2x.png"; sourceTree = "<group>"; };
		70D4C5BC1A237C1E001A655D /* sns@2x.png */ = {isa = PBXFileReference; lastKnownFileType = image.png; path = "sns@2x.png"; sourceTree = "<group>"; };
		70D4C5BD1A237C1E001A655D /* wechat@2x.png */ = {isa = PBXFileReference; lastKnownFileType = image.png; path = "wechat@2x.png"; sourceTree = "<group>"; };
		70D4C5BF1A237C1E001A655D /* CDCommon.h */ = {isa = PBXFileReference; fileEncoding = 4; lastKnownFileType = sourcecode.c.h; path = CDCommon.h; sourceTree = "<group>"; };
		70D4C5C01A237C1E001A655D /* CDCommonDefine.h */ = {isa = PBXFileReference; fileEncoding = 4; lastKnownFileType = sourcecode.c.h; path = CDCommonDefine.h; sourceTree = "<group>"; };
		70D4C5C31A237C1E001A655D /* FMDatabase.h */ = {isa = PBXFileReference; fileEncoding = 4; lastKnownFileType = sourcecode.c.h; path = FMDatabase.h; sourceTree = "<group>"; };
		70D4C5C41A237C1E001A655D /* FMDatabase.m */ = {isa = PBXFileReference; fileEncoding = 4; lastKnownFileType = sourcecode.c.objc; path = FMDatabase.m; sourceTree = "<group>"; };
		70D4C5C51A237C1E001A655D /* FMDatabaseAdditions.h */ = {isa = PBXFileReference; fileEncoding = 4; lastKnownFileType = sourcecode.c.h; path = FMDatabaseAdditions.h; sourceTree = "<group>"; };
		70D4C5C61A237C1E001A655D /* FMDatabaseAdditions.m */ = {isa = PBXFileReference; fileEncoding = 4; lastKnownFileType = sourcecode.c.objc; path = FMDatabaseAdditions.m; sourceTree = "<group>"; };
		70D4C5C71A237C1E001A655D /* FMDatabasePool.h */ = {isa = PBXFileReference; fileEncoding = 4; lastKnownFileType = sourcecode.c.h; path = FMDatabasePool.h; sourceTree = "<group>"; };
		70D4C5C81A237C1E001A655D /* FMDatabasePool.m */ = {isa = PBXFileReference; fileEncoding = 4; lastKnownFileType = sourcecode.c.objc; path = FMDatabasePool.m; sourceTree = "<group>"; };
		70D4C5C91A237C1E001A655D /* FMDatabaseQueue.h */ = {isa = PBXFileReference; fileEncoding = 4; lastKnownFileType = sourcecode.c.h; path = FMDatabaseQueue.h; sourceTree = "<group>"; };
		70D4C5CA1A237C1E001A655D /* FMDatabaseQueue.m */ = {isa = PBXFileReference; fileEncoding = 4; lastKnownFileType = sourcecode.c.objc; path = FMDatabaseQueue.m; sourceTree = "<group>"; };
		70D4C5CB1A237C1E001A655D /* FMDB.h */ = {isa = PBXFileReference; fileEncoding = 4; lastKnownFileType = sourcecode.c.h; path = FMDB.h; sourceTree = "<group>"; };
		70D4C5CC1A237C1E001A655D /* FMResultSet.h */ = {isa = PBXFileReference; fileEncoding = 4; lastKnownFileType = sourcecode.c.h; path = FMResultSet.h; sourceTree = "<group>"; };
		70D4C5CD1A237C1E001A655D /* FMResultSet.m */ = {isa = PBXFileReference; fileEncoding = 4; lastKnownFileType = sourcecode.c.objc; path = FMResultSet.m; sourceTree = "<group>"; };
		70D4C5D11A237C1E001A655D /* en */ = {isa = PBXFileReference; lastKnownFileType = text.plist.strings; name = en; path = en.lproj/QBImagePickerController.strings; sourceTree = "<group>"; };
		70D4C5D21A237C1E001A655D /* ja */ = {isa = PBXFileReference; lastKnownFileType = text.plist.strings; name = ja; path = ja.lproj/QBImagePickerController.strings; sourceTree = "<group>"; };
		70D4C5D41A237C1E001A655D /* QBAssetsCollectionCheckmarkView.h */ = {isa = PBXFileReference; fileEncoding = 4; lastKnownFileType = sourcecode.c.h; path = QBAssetsCollectionCheckmarkView.h; sourceTree = "<group>"; };
		70D4C5D51A237C1E001A655D /* QBAssetsCollectionCheckmarkView.m */ = {isa = PBXFileReference; fileEncoding = 4; lastKnownFileType = sourcecode.c.objc; path = QBAssetsCollectionCheckmarkView.m; sourceTree = "<group>"; };
		70D4C5D61A237C1E001A655D /* QBAssetsCollectionFooterView.h */ = {isa = PBXFileReference; fileEncoding = 4; lastKnownFileType = sourcecode.c.h; path = QBAssetsCollectionFooterView.h; sourceTree = "<group>"; };
		70D4C5D71A237C1E001A655D /* QBAssetsCollectionFooterView.m */ = {isa = PBXFileReference; fileEncoding = 4; lastKnownFileType = sourcecode.c.objc; path = QBAssetsCollectionFooterView.m; sourceTree = "<group>"; };
		70D4C5D81A237C1E001A655D /* QBAssetsCollectionOverlayView.h */ = {isa = PBXFileReference; fileEncoding = 4; lastKnownFileType = sourcecode.c.h; path = QBAssetsCollectionOverlayView.h; sourceTree = "<group>"; };
		70D4C5D91A237C1E001A655D /* QBAssetsCollectionOverlayView.m */ = {isa = PBXFileReference; fileEncoding = 4; lastKnownFileType = sourcecode.c.objc; path = QBAssetsCollectionOverlayView.m; sourceTree = "<group>"; };
		70D4C5DA1A237C1E001A655D /* QBAssetsCollectionVideoIndicatorView.h */ = {isa = PBXFileReference; fileEncoding = 4; lastKnownFileType = sourcecode.c.h; path = QBAssetsCollectionVideoIndicatorView.h; sourceTree = "<group>"; };
		70D4C5DB1A237C1E001A655D /* QBAssetsCollectionVideoIndicatorView.m */ = {isa = PBXFileReference; fileEncoding = 4; lastKnownFileType = sourcecode.c.objc; path = QBAssetsCollectionVideoIndicatorView.m; sourceTree = "<group>"; };
		70D4C5DC1A237C1E001A655D /* QBAssetsCollectionViewCell.h */ = {isa = PBXFileReference; fileEncoding = 4; lastKnownFileType = sourcecode.c.h; path = QBAssetsCollectionViewCell.h; sourceTree = "<group>"; };
		70D4C5DD1A237C1E001A655D /* QBAssetsCollectionViewCell.m */ = {isa = PBXFileReference; fileEncoding = 4; lastKnownFileType = sourcecode.c.objc; path = QBAssetsCollectionViewCell.m; sourceTree = "<group>"; };
		70D4C5DE1A237C1E001A655D /* QBAssetsCollectionViewController.h */ = {isa = PBXFileReference; fileEncoding = 4; lastKnownFileType = sourcecode.c.h; path = QBAssetsCollectionViewController.h; sourceTree = "<group>"; };
		70D4C5DF1A237C1E001A655D /* QBAssetsCollectionViewController.m */ = {isa = PBXFileReference; fileEncoding = 4; lastKnownFileType = sourcecode.c.objc; path = QBAssetsCollectionViewController.m; sourceTree = "<group>"; };
		70D4C5E01A237C1E001A655D /* QBAssetsCollectionViewLayout.h */ = {isa = PBXFileReference; fileEncoding = 4; lastKnownFileType = sourcecode.c.h; path = QBAssetsCollectionViewLayout.h; sourceTree = "<group>"; };
		70D4C5E11A237C1E001A655D /* QBAssetsCollectionViewLayout.m */ = {isa = PBXFileReference; fileEncoding = 4; lastKnownFileType = sourcecode.c.objc; path = QBAssetsCollectionViewLayout.m; sourceTree = "<group>"; };
		70D4C5E21A237C1E001A655D /* QBImagePickerController.h */ = {isa = PBXFileReference; fileEncoding = 4; lastKnownFileType = sourcecode.c.h; path = QBImagePickerController.h; sourceTree = "<group>"; };
		70D4C5E31A237C1E001A655D /* QBImagePickerController.m */ = {isa = PBXFileReference; fileEncoding = 4; lastKnownFileType = sourcecode.c.objc; path = QBImagePickerController.m; sourceTree = "<group>"; };
		70D4C5E41A237C1E001A655D /* QBImagePickerGroupCell.h */ = {isa = PBXFileReference; fileEncoding = 4; lastKnownFileType = sourcecode.c.h; path = QBImagePickerGroupCell.h; sourceTree = "<group>"; };
		70D4C5E51A237C1E001A655D /* QBImagePickerGroupCell.m */ = {isa = PBXFileReference; fileEncoding = 4; lastKnownFileType = sourcecode.c.objc; path = QBImagePickerGroupCell.m; sourceTree = "<group>"; };
		70D4C5E61A237C1E001A655D /* QBImagePickerThumbnailView.h */ = {isa = PBXFileReference; fileEncoding = 4; lastKnownFileType = sourcecode.c.h; path = QBImagePickerThumbnailView.h; sourceTree = "<group>"; };
		70D4C5E71A237C1E001A655D /* QBImagePickerThumbnailView.m */ = {isa = PBXFileReference; fileEncoding = 4; lastKnownFileType = sourcecode.c.objc; path = QBImagePickerThumbnailView.m; sourceTree = "<group>"; };
		70D4C5E91A237C1E001A655D /* DataMatrix.h */ = {isa = PBXFileReference; fileEncoding = 4; lastKnownFileType = sourcecode.c.h; path = DataMatrix.h; sourceTree = "<group>"; };
		70D4C5EA1A237C1E001A655D /* DataMatrix.mm */ = {isa = PBXFileReference; fileEncoding = 4; lastKnownFileType = sourcecode.cpp.objcpp; path = DataMatrix.mm; sourceTree = "<group>"; };
		70D4C5EB1A237C1E001A655D /* QR_Encode.cpp */ = {isa = PBXFileReference; fileEncoding = 4; lastKnownFileType = sourcecode.cpp.cpp; path = QR_Encode.cpp; sourceTree = "<group>"; };
		70D4C5EC1A237C1E001A655D /* QR_Encode.h */ = {isa = PBXFileReference; fileEncoding = 4; lastKnownFileType = sourcecode.c.h; path = QR_Encode.h; sourceTree = "<group>"; };
		70D4C5ED1A237C1E001A655D /* QREncoder.h */ = {isa = PBXFileReference; fileEncoding = 4; lastKnownFileType = sourcecode.c.h; path = QREncoder.h; sourceTree = "<group>"; };
		70D4C5EE1A237C1E001A655D /* QREncoder.mm */ = {isa = PBXFileReference; fileEncoding = 4; lastKnownFileType = sourcecode.cpp.objcpp; path = QREncoder.mm; sourceTree = "<group>"; };
		70D4C5EF1A237C1E001A655D /* UIImage+Resize.h */ = {isa = PBXFileReference; fileEncoding = 4; lastKnownFileType = sourcecode.c.h; path = "UIImage+Resize.h"; sourceTree = "<group>"; };
		70D4C5F01A237C1E001A655D /* UIImage+Resize.m */ = {isa = PBXFileReference; fileEncoding = 4; lastKnownFileType = sourcecode.c.objc; path = "UIImage+Resize.m"; sourceTree = "<group>"; };
		70D4C5F21A237C1E001A655D /* CDButton.h */ = {isa = PBXFileReference; fileEncoding = 4; lastKnownFileType = sourcecode.c.h; path = CDButton.h; sourceTree = "<group>"; };
		70D4C5F31A237C1E001A655D /* CDButton.m */ = {isa = PBXFileReference; fileEncoding = 4; lastKnownFileType = sourcecode.c.objc; path = CDButton.m; sourceTree = "<group>"; };
		70D4C5F41A237C1E001A655D /* CDImageLabelCollectionCell.h */ = {isa = PBXFileReference; fileEncoding = 4; lastKnownFileType = sourcecode.c.h; path = CDImageLabelCollectionCell.h; sourceTree = "<group>"; };
		70D4C5F51A237C1E001A655D /* CDImageLabelCollectionCell.m */ = {isa = PBXFileReference; fileEncoding = 4; lastKnownFileType = sourcecode.c.objc; path = CDImageLabelCollectionCell.m; sourceTree = "<group>"; };
		70D4C5F61A237C1E001A655D /* CDImageLabelCollectionCell.xib */ = {isa = PBXFileReference; fileEncoding = 4; lastKnownFileType = file.xib; path = CDImageLabelCollectionCell.xib; sourceTree = "<group>"; };
		70D4C5F71A237C1E001A655D /* CDImageLabelTableCell.h */ = {isa = PBXFileReference; fileEncoding = 4; lastKnownFileType = sourcecode.c.h; path = CDImageLabelTableCell.h; sourceTree = "<group>"; };
		70D4C5F81A237C1E001A655D /* CDImageLabelTableCell.m */ = {isa = PBXFileReference; fileEncoding = 4; lastKnownFileType = sourcecode.c.objc; path = CDImageLabelTableCell.m; sourceTree = "<group>"; };
		70D4C5F91A237C1E001A655D /* CDImageLabelTableCell.xib */ = {isa = PBXFileReference; fileEncoding = 4; lastKnownFileType = file.xib; path = CDImageLabelTableCell.xib; sourceTree = "<group>"; };
		70D4C5FA1A237C1E001A655D /* CDImageTwoLabelTableCell.h */ = {isa = PBXFileReference; fileEncoding = 4; lastKnownFileType = sourcecode.c.h; path = CDImageTwoLabelTableCell.h; sourceTree = "<group>"; };
		70D4C5FB1A237C1E001A655D /* CDImageTwoLabelTableCell.m */ = {isa = PBXFileReference; fileEncoding = 4; lastKnownFileType = sourcecode.c.objc; path = CDImageTwoLabelTableCell.m; sourceTree = "<group>"; };
		70D4C5FC1A237C1E001A655D /* CDImageTwoLabelTableCell.xib */ = {isa = PBXFileReference; fileEncoding = 4; lastKnownFileType = file.xib; path = CDImageTwoLabelTableCell.xib; sourceTree = "<group>"; };
		70D4C5FD1A237C1E001A655D /* CDLabelButtonTableCell.h */ = {isa = PBXFileReference; fileEncoding = 4; lastKnownFileType = sourcecode.c.h; path = CDLabelButtonTableCell.h; sourceTree = "<group>"; };
		70D4C5FE1A237C1E001A655D /* CDLabelButtonTableCell.m */ = {isa = PBXFileReference; fileEncoding = 4; lastKnownFileType = sourcecode.c.objc; path = CDLabelButtonTableCell.m; sourceTree = "<group>"; };
		70D4C5FF1A237C1E001A655D /* CDLabelButtonTableCell.xib */ = {isa = PBXFileReference; fileEncoding = 4; lastKnownFileType = file.xib; path = CDLabelButtonTableCell.xib; sourceTree = "<group>"; };
		70D4C6001A237C1E001A655D /* CDPopMenu.h */ = {isa = PBXFileReference; fileEncoding = 4; lastKnownFileType = sourcecode.c.h; path = CDPopMenu.h; sourceTree = "<group>"; };
		70D4C6011A237C1E001A655D /* CDPopMenu.m */ = {isa = PBXFileReference; fileEncoding = 4; lastKnownFileType = sourcecode.c.objc; path = CDPopMenu.m; sourceTree = "<group>"; };
		70D4C6021A237C1E001A655D /* CDPopMenuItem.h */ = {isa = PBXFileReference; fileEncoding = 4; lastKnownFileType = sourcecode.c.h; path = CDPopMenuItem.h; sourceTree = "<group>"; };
		70D4C6031A237C1E001A655D /* CDPopMenuItem.m */ = {isa = PBXFileReference; fileEncoding = 4; lastKnownFileType = sourcecode.c.objc; path = CDPopMenuItem.m; sourceTree = "<group>"; };
		70D4C6041A237C1E001A655D /* CDPopMenuItemCell.h */ = {isa = PBXFileReference; fileEncoding = 4; lastKnownFileType = sourcecode.c.h; path = CDPopMenuItemCell.h; sourceTree = "<group>"; };
		70D4C6051A237C1E001A655D /* CDPopMenuItemCell.m */ = {isa = PBXFileReference; fileEncoding = 4; lastKnownFileType = sourcecode.c.objc; path = CDPopMenuItemCell.m; sourceTree = "<group>"; };
		70D4C6061A237C1E001A655D /* CDTextField.h */ = {isa = PBXFileReference; fileEncoding = 4; lastKnownFileType = sourcecode.c.h; path = CDTextField.h; sourceTree = "<group>"; };
		70D4C6071A237C1E001A655D /* CDTextField.m */ = {isa = PBXFileReference; fileEncoding = 4; lastKnownFileType = sourcecode.c.objc; path = CDTextField.m; sourceTree = "<group>"; };
		70D4C6081A237C1E001A655D /* ResizableButton.h */ = {isa = PBXFileReference; fileEncoding = 4; lastKnownFileType = sourcecode.c.h; path = ResizableButton.h; sourceTree = "<group>"; };
		70D4C6091A237C1E001A655D /* ResizableButton.m */ = {isa = PBXFileReference; fileEncoding = 4; lastKnownFileType = sourcecode.c.objc; path = ResizableButton.m; sourceTree = "<group>"; };
		8C470C5B199257E3006A4E87 /* libZXingWidget.a */ = {isa = PBXFileReference; lastKnownFileType = archive.ar; path = libZXingWidget.a; sourceTree = "<group>"; };
		8C470C9C19926019006A4E87 /* libiconv.dylib */ = {isa = PBXFileReference; lastKnownFileType = "compiled.mach-o.dylib"; name = libiconv.dylib; path = usr/lib/libiconv.dylib; sourceTree = SDKROOT; };
		8C925C1E19876D8100D2750B /* libicucore.dylib */ = {isa = PBXFileReference; lastKnownFileType = "compiled.mach-o.dylib"; name = libicucore.dylib; path = usr/lib/libicucore.dylib; sourceTree = SDKROOT; };
		8C925CB61987C20800D2750B /* libsqlite3.dylib */ = {isa = PBXFileReference; lastKnownFileType = "compiled.mach-o.dylib"; name = libsqlite3.dylib; path = usr/lib/libsqlite3.dylib; sourceTree = SDKROOT; };
		8CB308541980FBD900BDC34D /* CoreLocation.framework */ = {isa = PBXFileReference; lastKnownFileType = wrapper.framework; name = CoreLocation.framework; path = System/Library/Frameworks/CoreLocation.framework; sourceTree = SDKROOT; };
		8CB308561980FBEC00BDC34D /* MobileCoreServices.framework */ = {isa = PBXFileReference; lastKnownFileType = wrapper.framework; name = MobileCoreServices.framework; path = System/Library/Frameworks/MobileCoreServices.framework; sourceTree = SDKROOT; };
		8CB308581980FBF900BDC34D /* CoreTelephony.framework */ = {isa = PBXFileReference; lastKnownFileType = wrapper.framework; name = CoreTelephony.framework; path = System/Library/Frameworks/CoreTelephony.framework; sourceTree = SDKROOT; };
		8CB3085A1980FC1400BDC34D /* SystemConfiguration.framework */ = {isa = PBXFileReference; lastKnownFileType = wrapper.framework; name = SystemConfiguration.framework; path = System/Library/Frameworks/SystemConfiguration.framework; sourceTree = SDKROOT; };
		8CF21DC7197FCCC1002B9220 /* LeanChat.app */ = {isa = PBXFileReference; explicitFileType = wrapper.application; includeInIndex = 0; path = LeanChat.app; sourceTree = BUILT_PRODUCTS_DIR; };
		8CF21DCA197FCCC1002B9220 /* Foundation.framework */ = {isa = PBXFileReference; lastKnownFileType = wrapper.framework; name = Foundation.framework; path = System/Library/Frameworks/Foundation.framework; sourceTree = SDKROOT; };
		8CF21DCC197FCCC1002B9220 /* CoreGraphics.framework */ = {isa = PBXFileReference; lastKnownFileType = wrapper.framework; name = CoreGraphics.framework; path = System/Library/Frameworks/CoreGraphics.framework; sourceTree = SDKROOT; };
		8CF21DCE197FCCC1002B9220 /* UIKit.framework */ = {isa = PBXFileReference; lastKnownFileType = wrapper.framework; name = UIKit.framework; path = System/Library/Frameworks/UIKit.framework; sourceTree = SDKROOT; };
		AEDF34F39BB747755DB36529 /* Pods.release.xcconfig */ = {isa = PBXFileReference; includeInIndex = 1; lastKnownFileType = text.xcconfig; name = Pods.release.xcconfig; path = "Pods/Target Support Files/Pods/Pods.release.xcconfig"; sourceTree = "<group>"; };
/* End PBXFileReference section */

/* Begin PBXFrameworksBuildPhase section */
		8CF21DC4197FCCC1002B9220 /* Frameworks */ = {
			isa = PBXFrameworksBuildPhase;
			buildActionMask = 2147483647;
			files = (
				8C470C9D19926019006A4E87 /* libiconv.dylib in Frameworks */,
				8C925CB71987C20800D2750B /* libsqlite3.dylib in Frameworks */,
				8C925C1F19876D8100D2750B /* libicucore.dylib in Frameworks */,
				8CB3085B1980FC1400BDC34D /* SystemConfiguration.framework in Frameworks */,
				8CB308591980FBF900BDC34D /* CoreTelephony.framework in Frameworks */,
				8CB308571980FBEC00BDC34D /* MobileCoreServices.framework in Frameworks */,
				8CB308551980FBD900BDC34D /* CoreLocation.framework in Frameworks */,
				8CF21DCD197FCCC1002B9220 /* CoreGraphics.framework in Frameworks */,
				8CF21DCF197FCCC1002B9220 /* UIKit.framework in Frameworks */,
				8CF21DCB197FCCC1002B9220 /* Foundation.framework in Frameworks */,
				B0D4DC0C4CAAFC88082981E6 /* libPods.a in Frameworks */,
			);
			runOnlyForDeploymentPostprocessing = 0;
		};
/* End PBXFrameworksBuildPhase section */

/* Begin PBXGroup section */
		483FF027670C57E253BA1E4E /* Pods */ = {
			isa = PBXGroup;
			children = (
				1AE56C31C63DFD24A31AC420 /* Pods.debug.xcconfig */,
				AEDF34F39BB747755DB36529 /* Pods.release.xcconfig */,
			);
			name = Pods;
			sourceTree = "<group>";
		};
		70D4C53E1A237C1E001A655D /* AVOSChatDemo */ = {
			isa = PBXGroup;
			children = (
				70D4C53F1A237C1E001A655D /* CDAppDelegate.h */,
				70D4C5401A237C1E001A655D /* CDAppDelegate.m */,
				70D4C5411A237C1E001A655D /* controllers */,
				70D4C5841A237C1E001A655D /* InfoPlist.strings */,
				70D4C5861A237C1E001A655D /* Images.xcassets */,
				70D4C5871A237C1E001A655D /* LeanChat-Info.plist */,
				70D4C5881A237C1E001A655D /* LeanChat-Prefix.pch */,
				70D4C5891A237C1E001A655D /* main.m */,
				70D4C58A1A237C1E001A655D /* models */,
				70D4C5971A237C1E001A655D /* resources */,
				70D4C5BE1A237C1E001A655D /* settings */,
				70D4C5C11A237C1E001A655D /* third_party */,
				70D4C5F11A237C1E001A655D /* views */,
			);
			path = AVOSChatDemo;
			sourceTree = "<group>";
		};
		70D4C5411A237C1E001A655D /* controllers */ = {
			isa = PBXGroup;
			children = (
				70D4C5421A237C1E001A655D /* base */,
				70D4C54B1A237C1E001A655D /* chat */,
				70D4C5551A237C1E001A655D /* contact */,
				70D4C55C1A237C1E001A655D /* entry */,
				70D4C5651A237C1E001A655D /* group */,
				70D4C5721A237C1E001A655D /* profile */,
				70D4C5791A237C1E001A655D /* service */,
			);
			path = controllers;
			sourceTree = "<group>";
		};
		70D4C5421A237C1E001A655D /* base */ = {
			isa = PBXGroup;
			children = (
				70D4C5431A237C1E001A655D /* CDBaseController.h */,
				70D4C5441A237C1E001A655D /* CDBaseController.m */,
				70D4C5451A237C1E001A655D /* CDBaseNavigationController.h */,
				70D4C5461A237C1E001A655D /* CDBaseNavigationController.m */,
				70D4C5471A237C1E001A655D /* CDBaseTabBarController.h */,
				70D4C5481A237C1E001A655D /* CDBaseTabBarController.m */,
				70D4C5491A237C1E001A655D /* CDBaseTableController.h */,
				70D4C54A1A237C1E001A655D /* CDBaseTableController.m */,
			);
			path = base;
			sourceTree = "<group>";
		};
		70D4C54B1A237C1E001A655D /* chat */ = {
			isa = PBXGroup;
			children = (
				70D4C54C1A237C1E001A655D /* CDChatConfirmController.h */,
				70D4C54D1A237C1E001A655D /* CDChatConfirmController.m */,
				70D4C54E1A237C1E001A655D /* CDChatDetailController.h */,
				70D4C54F1A237C1E001A655D /* CDChatDetailController.mm */,
				70D4C5501A237C1E001A655D /* CDChatListController.h */,
				70D4C5511A237C1E001A655D /* CDChatListController.m */,
				70D4C5521A237C1E001A655D /* CDChatListController.xib */,
				70D4C5531A237C1E001A655D /* CDChatRoomController.h */,
				70D4C5541A237C1E001A655D /* CDChatRoomController.m */,
			);
			path = chat;
			sourceTree = "<group>";
		};
		70D4C5551A237C1E001A655D /* contact */ = {
			isa = PBXGroup;
			children = (
				70D4C5561A237C1E001A655D /* CDContactListController.h */,
				70D4C5571A237C1E001A655D /* CDContactListController.m */,
				70D4C5581A237C1E001A655D /* CDContactListController.xib */,
				70D4C5591A237C1E001A655D /* CDNewFriendTableViewController.h */,
				70D4C55A1A237C1E001A655D /* CDNewFriendTableViewController.m */,
				70D4C55B1A237C1E001A655D /* CDNewFriendTableViewController.xib */,
			);
			path = contact;
			sourceTree = "<group>";
		};
		70D4C55C1A237C1E001A655D /* entry */ = {
			isa = PBXGroup;
			children = (
				70D4C55D1A237C1E001A655D /* #CDRegisterController.m# */,
				70D4C55E1A237C1E001A655D /* CDAddFriendController.h */,
				70D4C55F1A237C1E001A655D /* CDAddFriendController.m */,
				70D4C5601A237C1E001A655D /* CDAddFriendController.xib */,
				70D4C5611A237C1E001A655D /* CDLoginController.h */,
				70D4C5621A237C1E001A655D /* CDLoginController.m */,
				70D4C5631A237C1E001A655D /* CDRegisterController.h */,
				70D4C5641A237C1E001A655D /* CDRegisterController.m */,
			);
			path = entry;
			sourceTree = "<group>";
		};
		70D4C5651A237C1E001A655D /* group */ = {
			isa = PBXGroup;
			children = (
				70D4C5661A237C1E001A655D /* CDGroupAddMemberController.h */,
				70D4C5671A237C1E001A655D /* CDGroupAddMemberController.m */,
				70D4C5681A237C1E001A655D /* CDGroupAddMemberController.xib */,
				70D4C5691A237C1E001A655D /* CDGroupDetailController.h */,
				70D4C56A1A237C1E001A655D /* CDGroupDetailController.m */,
				70D4C56B1A237C1E001A655D /* CDGroupDetailController.xib */,
				70D4C56C1A237C1E001A655D /* CDGroupTableViewController.h */,
				70D4C56D1A237C1E001A655D /* CDGroupTableViewController.m */,
				70D4C56E1A237C1E001A655D /* CDGroupTableViewController.xib */,
				70D4C56F1A237C1E001A655D /* CDNewGroupViewController.h */,
				70D4C5701A237C1E001A655D /* CDNewGroupViewController.m */,
				70D4C5711A237C1E001A655D /* CDNewGroupViewController.xib */,
			);
			path = group;
			sourceTree = "<group>";
		};
		70D4C5721A237C1E001A655D /* profile */ = {
			isa = PBXGroup;
			children = (
				70D4C5731A237C1E001A655D /* CDProfileController.h */,
				70D4C5741A237C1E001A655D /* CDProfileController.m */,
				70D4C5751A237C1E001A655D /* CDProfileController.xib */,
				70D4C5761A237C1E001A655D /* CDUserInfoController.h */,
				70D4C5771A237C1E001A655D /* CDUserInfoController.m */,
				70D4C5781A237C1E001A655D /* CDUserInfoController.xib */,
			);
			path = profile;
			sourceTree = "<group>";
		};
		70D4C5791A237C1E001A655D /* service */ = {
			isa = PBXGroup;
			children = (
				70D4C57A1A237C1E001A655D /* CDAddRequestService.h */,
				70D4C57B1A237C1E001A655D /* CDAddRequestService.m */,
				70D4C57C1A237C1E001A655D /* CDCloudService.h */,
				70D4C57D1A237C1E001A655D /* CDCloudService.m */,
				70D4C57E1A237C1E001A655D /* CDGroupService.h */,
				70D4C57F1A237C1E001A655D /* CDGroupService.m */,
				70D4C5801A237C1E001A655D /* CDUserService.h */,
				70D4C5811A237C1E001A655D /* CDUserService.m */,
				70D4C5821A237C1E001A655D /* CDUtils.h */,
				70D4C5831A237C1E001A655D /* CDUtils.m */,
			);
			path = service;
			sourceTree = "<group>";
		};
		70D4C58A1A237C1E001A655D /* models */ = {
			isa = PBXGroup;
			children = (
				70D4C58B1A237C1E001A655D /* avobject */,
				70D4C5901A237C1E001A655D /* CDChatRoom.h */,
				70D4C5911A237C1E001A655D /* CDChatRoom.m */,
				70D4C5921A237C1E001A655D /* CDMsg.h */,
				70D4C5931A237C1E001A655D /* CDMsg.m */,
				70D4C5941A237C1E001A655D /* CDSessionManager.h */,
				70D4C5951A237C1E001A655D /* CDSessionManager.m */,
			);
			path = models;
			sourceTree = "<group>";
		};
		70D4C58B1A237C1E001A655D /* avobject */ = {
			isa = PBXGroup;
			children = (
				70D4C58C1A237C1E001A655D /* CDAddRequest.h */,
				70D4C58D1A237C1E001A655D /* CDAddRequest.m */,
				70D4C58E1A237C1E001A655D /* CDChatGroup.h */,
				70D4C58F1A237C1E001A655D /* CDChatGroup.m */,
			);
			path = avobject;
			sourceTree = "<group>";
		};
		70D4C5971A237C1E001A655D /* resources */ = {
			isa = PBXGroup;
			children = (
				70D4C5981A237C1E001A655D /* AppIcon60x60@2x.png */,
				70D4C5991A237C1E001A655D /* avatar */,
				70D4C59B1A237C1E001A655D /* chat_menu_people.png */,
				70D4C59C1A237C1E001A655D /* contact */,
				70D4C59E1A237C1E001A655D /* group_icon.png */,
				70D4C59F1A237C1E001A655D /* Icon@2x.png */,
				70D4C5A01A237C1E001A655D /* image_placeholder@2x.png */,
				70D4C5A11A237C1E001A655D /* input_bg_bottom@2x.png */,
				70D4C5A21A237C1E001A655D /* input_bg_top@2x.png */,
				70D4C5A31A237C1E001A655D /* login */,
				70D4C5B11A237C1E001A655D /* menu */,
				70D4C5B81A237C1E001A655D /* splash_back_old.png */,
				70D4C5B91A237C1E001A655D /* tabbar */,
			);
			path = resources;
			sourceTree = "<group>";
		};
		70D4C5991A237C1E001A655D /* avatar */ = {
			isa = PBXGroup;
			children = (
				70D4C59A1A237C1E001A655D /* default_user_avatar.png */,
			);
			path = avatar;
			sourceTree = "<group>";
		};
		70D4C59C1A237C1E001A655D /* contact */ = {
			isa = PBXGroup;
			children = (
				70D4C59D1A237C1E001A655D /* new_friends_icon.png */,
			);
			path = contact;
			sourceTree = "<group>";
		};
		70D4C5A31A237C1E001A655D /* login */ = {
			isa = PBXGroup;
			children = (
				70D4C5A41A237C1E001A655D /* background@2x.png */,
				70D4C5A51A237C1E001A655D /* blue_expand_highlight@2x.png */,
				70D4C5A61A237C1E001A655D /* blue_expand_normal@2x.png */,
				70D4C5A71A237C1E001A655D /* bottom_bar_normal@2x.png */,
				70D4C5A81A237C1E001A655D /* bottom_bar_selected@2x.png */,
				70D4C5A91A237C1E001A655D /* bottom_bar_separator@2x.png */,
				70D4C5AA1A237C1E001A655D /* cancel@2x.png */,
				70D4C5AB1A237C1E001A655D /* cancel_seelected@2x.png */,
				70D4C5AC1A237C1E001A655D /* login@2x.png */,
				70D4C5AD1A237C1E001A655D /* login_disabled@2x.png */,
				70D4C5AE1A237C1E001A655D /* login_selected@2x.png */,
				70D4C5AF1A237C1E001A655D /* ok@2x.png */,
				70D4C5B01A237C1E001A655D /* ok_selected@2x.png */,
			);
			path = login;
			sourceTree = "<group>";
		};
		70D4C5B11A237C1E001A655D /* menu */ = {
			isa = PBXGroup;
			children = (
				70D4C5B21A237C1E001A655D /* menu_add_friend@2x.png */,
				70D4C5B31A237C1E001A655D /* menu_add_newmessage@2x.png */,
				70D4C5B41A237C1E001A655D /* menu_add_photo@2x.png */,
				70D4C5B51A237C1E001A655D /* menu_add_scan@2x.png */,
				70D4C5B61A237C1E001A655D /* menu_add_voip@2x.png */,
				70D4C5B71A237C1E001A655D /* menu_background@2x.png */,
			);
			path = menu;
			sourceTree = "<group>";
		};
		70D4C5B91A237C1E001A655D /* tabbar */ = {
			isa = PBXGroup;
			children = (
				70D4C5BA1A237C1E001A655D /* contact@2x.png */,
				70D4C5BB1A237C1E001A655D /* profile@2x.png */,
				70D4C5BC1A237C1E001A655D /* sns@2x.png */,
				70D4C5BD1A237C1E001A655D /* wechat@2x.png */,
			);
			path = tabbar;
			sourceTree = "<group>";
		};
		70D4C5BE1A237C1E001A655D /* settings */ = {
			isa = PBXGroup;
			children = (
				70D4C5BF1A237C1E001A655D /* CDCommon.h */,
				70D4C5C01A237C1E001A655D /* CDCommonDefine.h */,
			);
			path = settings;
			sourceTree = "<group>";
		};
		70D4C5C11A237C1E001A655D /* third_party */ = {
			isa = PBXGroup;
			children = (
				70D4C5C21A237C1E001A655D /* fmdb */,
				70D4C5CE1A237C1E001A655D /* QBImagePickerController */,
				70D4C5E81A237C1E001A655D /* QRCodeEncoder */,
				70D4C5EF1A237C1E001A655D /* UIImage+Resize.h */,
				70D4C5F01A237C1E001A655D /* UIImage+Resize.m */,
			);
			path = third_party;
			sourceTree = "<group>";
		};
		70D4C5C21A237C1E001A655D /* fmdb */ = {
			isa = PBXGroup;
			children = (
				70D4C5C31A237C1E001A655D /* FMDatabase.h */,
				70D4C5C41A237C1E001A655D /* FMDatabase.m */,
				70D4C5C51A237C1E001A655D /* FMDatabaseAdditions.h */,
				70D4C5C61A237C1E001A655D /* FMDatabaseAdditions.m */,
				70D4C5C71A237C1E001A655D /* FMDatabasePool.h */,
				70D4C5C81A237C1E001A655D /* FMDatabasePool.m */,
				70D4C5C91A237C1E001A655D /* FMDatabaseQueue.h */,
				70D4C5CA1A237C1E001A655D /* FMDatabaseQueue.m */,
				70D4C5CB1A237C1E001A655D /* FMDB.h */,
				70D4C5CC1A237C1E001A655D /* FMResultSet.h */,
				70D4C5CD1A237C1E001A655D /* FMResultSet.m */,
			);
			path = fmdb;
			sourceTree = "<group>";
		};
		70D4C5CE1A237C1E001A655D /* QBImagePickerController */ = {
			isa = PBXGroup;
			children = (
				70D4C5CF1A237C1E001A655D /* Assets */,
				70D4C5D31A237C1E001A655D /* Classes */,
			);
			path = QBImagePickerController;
			sourceTree = "<group>";
		};
		70D4C5CF1A237C1E001A655D /* Assets */ = {
			isa = PBXGroup;
			children = (
				70D4C5D01A237C1E001A655D /* QBImagePickerController.strings */,
			);
			path = Assets;
			sourceTree = "<group>";
		};
		70D4C5D31A237C1E001A655D /* Classes */ = {
			isa = PBXGroup;
			children = (
				70D4C5D41A237C1E001A655D /* QBAssetsCollectionCheckmarkView.h */,
				70D4C5D51A237C1E001A655D /* QBAssetsCollectionCheckmarkView.m */,
				70D4C5D61A237C1E001A655D /* QBAssetsCollectionFooterView.h */,
				70D4C5D71A237C1E001A655D /* QBAssetsCollectionFooterView.m */,
				70D4C5D81A237C1E001A655D /* QBAssetsCollectionOverlayView.h */,
				70D4C5D91A237C1E001A655D /* QBAssetsCollectionOverlayView.m */,
				70D4C5DA1A237C1E001A655D /* QBAssetsCollectionVideoIndicatorView.h */,
				70D4C5DB1A237C1E001A655D /* QBAssetsCollectionVideoIndicatorView.m */,
				70D4C5DC1A237C1E001A655D /* QBAssetsCollectionViewCell.h */,
				70D4C5DD1A237C1E001A655D /* QBAssetsCollectionViewCell.m */,
				70D4C5DE1A237C1E001A655D /* QBAssetsCollectionViewController.h */,
				70D4C5DF1A237C1E001A655D /* QBAssetsCollectionViewController.m */,
				70D4C5E01A237C1E001A655D /* QBAssetsCollectionViewLayout.h */,
				70D4C5E11A237C1E001A655D /* QBAssetsCollectionViewLayout.m */,
				70D4C5E21A237C1E001A655D /* QBImagePickerController.h */,
				70D4C5E31A237C1E001A655D /* QBImagePickerController.m */,
				70D4C5E41A237C1E001A655D /* QBImagePickerGroupCell.h */,
				70D4C5E51A237C1E001A655D /* QBImagePickerGroupCell.m */,
				70D4C5E61A237C1E001A655D /* QBImagePickerThumbnailView.h */,
				70D4C5E71A237C1E001A655D /* QBImagePickerThumbnailView.m */,
			);
			path = Classes;
			sourceTree = "<group>";
		};
		70D4C5E81A237C1E001A655D /* QRCodeEncoder */ = {
			isa = PBXGroup;
			children = (
				70D4C5E91A237C1E001A655D /* DataMatrix.h */,
				70D4C5EA1A237C1E001A655D /* DataMatrix.mm */,
				70D4C5EB1A237C1E001A655D /* QR_Encode.cpp */,
				70D4C5EC1A237C1E001A655D /* QR_Encode.h */,
				70D4C5ED1A237C1E001A655D /* QREncoder.h */,
				70D4C5EE1A237C1E001A655D /* QREncoder.mm */,
			);
			path = QRCodeEncoder;
			sourceTree = "<group>";
		};
		70D4C5F11A237C1E001A655D /* views */ = {
			isa = PBXGroup;
			children = (
				70D4C5F21A237C1E001A655D /* CDButton.h */,
				70D4C5F31A237C1E001A655D /* CDButton.m */,
				70D4C5F41A237C1E001A655D /* CDImageLabelCollectionCell.h */,
				70D4C5F51A237C1E001A655D /* CDImageLabelCollectionCell.m */,
				70D4C5F61A237C1E001A655D /* CDImageLabelCollectionCell.xib */,
				70D4C5F71A237C1E001A655D /* CDImageLabelTableCell.h */,
				70D4C5F81A237C1E001A655D /* CDImageLabelTableCell.m */,
				70D4C5F91A237C1E001A655D /* CDImageLabelTableCell.xib */,
				70D4C5FA1A237C1E001A655D /* CDImageTwoLabelTableCell.h */,
				70D4C5FB1A237C1E001A655D /* CDImageTwoLabelTableCell.m */,
				70D4C5FC1A237C1E001A655D /* CDImageTwoLabelTableCell.xib */,
				70D4C5FD1A237C1E001A655D /* CDLabelButtonTableCell.h */,
				70D4C5FE1A237C1E001A655D /* CDLabelButtonTableCell.m */,
				70D4C5FF1A237C1E001A655D /* CDLabelButtonTableCell.xib */,
				70D4C6001A237C1E001A655D /* CDPopMenu.h */,
				70D4C6011A237C1E001A655D /* CDPopMenu.m */,
				70D4C6021A237C1E001A655D /* CDPopMenuItem.h */,
				70D4C6031A237C1E001A655D /* CDPopMenuItem.m */,
				70D4C6041A237C1E001A655D /* CDPopMenuItemCell.h */,
				70D4C6051A237C1E001A655D /* CDPopMenuItemCell.m */,
				70D4C6061A237C1E001A655D /* CDTextField.h */,
				70D4C6071A237C1E001A655D /* CDTextField.m */,
				70D4C6081A237C1E001A655D /* ResizableButton.h */,
				70D4C6091A237C1E001A655D /* ResizableButton.m */,
			);
			path = views;
			sourceTree = "<group>";
		};
		8CF21DBE197FCCC1002B9220 = {
			isa = PBXGroup;
			children = (
				70D4C53E1A237C1E001A655D /* AVOSChatDemo */,
				8CF21DC9197FCCC1002B9220 /* Frameworks */,
				8CF21DC8197FCCC1002B9220 /* Products */,
				483FF027670C57E253BA1E4E /* Pods */,
			);
			sourceTree = "<group>";
		};
		8CF21DC8197FCCC1002B9220 /* Products */ = {
			isa = PBXGroup;
			children = (
				8CF21DC7197FCCC1002B9220 /* LeanChat.app */,
			);
			name = Products;
			sourceTree = "<group>";
		};
		8CF21DC9197FCCC1002B9220 /* Frameworks */ = {
			isa = PBXGroup;
			children = (
				8C470C9C19926019006A4E87 /* libiconv.dylib */,
				8C470C5B199257E3006A4E87 /* libZXingWidget.a */,
				8CF21DCC197FCCC1002B9220 /* CoreGraphics.framework */,
				8CB308541980FBD900BDC34D /* CoreLocation.framework */,
				8CB308581980FBF900BDC34D /* CoreTelephony.framework */,
				8CF21DCA197FCCC1002B9220 /* Foundation.framework */,
				8C925C1E19876D8100D2750B /* libicucore.dylib */,
				8C925CB61987C20800D2750B /* libsqlite3.dylib */,
				8CB308561980FBEC00BDC34D /* MobileCoreServices.framework */,
				8CB3085A1980FC1400BDC34D /* SystemConfiguration.framework */,
				8CF21DCE197FCCC1002B9220 /* UIKit.framework */,
				5CEDD32E8213E54F4209381A /* libPods-LeanChat.a */,
				4D569F4B827DF50C11F64070 /* libPods.a */,
			);
			path = Frameworks;
			sourceTree = "<group>";
		};
/* End PBXGroup section */

/* Begin PBXNativeTarget section */
		8CF21DC6197FCCC1002B9220 /* LeanChat */ = {
			isa = PBXNativeTarget;
			buildConfigurationList = 8CF21DF3197FCCC1002B9220 /* Build configuration list for PBXNativeTarget "LeanChat" */;
			buildPhases = (
				0BD29758866DFF6594012237 /* Check Pods Manifest.lock */,
				8CF21DC3197FCCC1002B9220 /* Sources */,
				8CF21DC4197FCCC1002B9220 /* Frameworks */,
				8CF21DC5197FCCC1002B9220 /* Resources */,
				374921E31B93B2AB9652CB46 /* Copy Pods Resources */,
			);
			buildRules = (
			);
			dependencies = (
			);
			name = LeanChat;
			productName = AVOSChatDemo;
			productReference = 8CF21DC7197FCCC1002B9220 /* LeanChat.app */;
			productType = "com.apple.product-type.application";
		};
/* End PBXNativeTarget section */

/* Begin PBXProject section */
		8CF21DBF197FCCC1002B9220 /* Project object */ = {
			isa = PBXProject;
			attributes = {
				CLASSPREFIX = CD;
				LastUpgradeCheck = 0510;
				ORGANIZATIONNAME = AVOS;
				TargetAttributes = {
					8CF21DC6197FCCC1002B9220 = {
						DevelopmentTeam = Y6X8P44TM5;
					};
				};
			};
			buildConfigurationList = 8CF21DC2197FCCC1002B9220 /* Build configuration list for PBXProject "LeanChat" */;
			compatibilityVersion = "Xcode 3.2";
			developmentRegion = English;
			hasScannedForEncodings = 0;
			knownRegions = (
				en,
				ja,
				Base,
				de,
				es,
				fr,
				he,
				it,
				nl,
				pl,
				pt,
				ro,
				ru,
				tr,
				"zh-Hans",
				"zh-Hant",
			);
			mainGroup = 8CF21DBE197FCCC1002B9220;
			productRefGroup = 8CF21DC8197FCCC1002B9220 /* Products */;
			projectDirPath = "";
			projectRoot = "";
			targets = (
				8CF21DC6197FCCC1002B9220 /* LeanChat */,
			);
		};
/* End PBXProject section */

/* Begin PBXResourcesBuildPhase section */
		8CF21DC5197FCCC1002B9220 /* Resources */ = {
			isa = PBXResourcesBuildPhase;
			buildActionMask = 2147483647;
			files = (
				70D4C6301A237C1E001A655D /* LeanChat-Info.plist in Resources */,
				70D4C61A1A237C1E001A655D /* CDAddFriendController.xib in Resources */,
				70D4C64C1A237C1E001A655D /* ok@2x.png in Resources */,
				70D4C6551A237C1E001A655D /* contact@2x.png in Resources */,
				70D4C6491A237C1E001A655D /* login@2x.png in Resources */,
				70D4C6401A237C1E001A655D /* input_bg_top@2x.png in Resources */,
				70D4C6461A237C1E001A655D /* bottom_bar_separator@2x.png in Resources */,
				70D4C62E1A237C1E001A655D /* InfoPlist.strings in Resources */,
				70D4C6171A237C1E001A655D /* CDNewFriendTableViewController.xib in Resources */,
				70D4C64B1A237C1E001A655D /* login_selected@2x.png in Resources */,
				70D4C63A1A237C1E001A655D /* chat_menu_people.png in Resources */,
				70D4C6421A237C1E001A655D /* blue_expand_highlight@2x.png in Resources */,
				70D4C62F1A237C1E001A655D /* Images.xcassets in Resources */,
				70D4C6451A237C1E001A655D /* bottom_bar_selected@2x.png in Resources */,
				70D4C6711A237C1E001A655D /* CDImageLabelTableCell.xib in Resources */,
				70D4C6501A237C1E001A655D /* menu_add_photo@2x.png in Resources */,
				70D4C6471A237C1E001A655D /* cancel@2x.png in Resources */,
				70D4C6731A237C1E001A655D /* CDImageTwoLabelTableCell.xib in Resources */,
				70D4C6581A237C1E001A655D /* wechat@2x.png in Resources */,
				70D4C6221A237C1E001A655D /* CDGroupTableViewController.xib in Resources */,
				70D4C6481A237C1E001A655D /* cancel_seelected@2x.png in Resources */,
				70D4C6431A237C1E001A655D /* blue_expand_normal@2x.png in Resources */,
				70D4C64D1A237C1E001A655D /* ok_selected@2x.png in Resources */,
				70D4C61E1A237C1E001A655D /* CDGroupAddMemberController.xib in Resources */,
				70D4C6571A237C1E001A655D /* sns@2x.png in Resources */,
				70D4C63C1A237C1E001A655D /* group_icon.png in Resources */,
				70D4C63D1A237C1E001A655D /* Icon@2x.png in Resources */,
				70D4C6541A237C1E001A655D /* splash_back_old.png in Resources */,
				70D4C6181A237C1E001A655D /* #CDRegisterController.m# in Resources */,
				70D4C63E1A237C1E001A655D /* image_placeholder@2x.png in Resources */,
				70D4C6121A237C1E001A655D /* CDChatListController.xib in Resources */,
				70D4C64A1A237C1E001A655D /* login_disabled@2x.png in Resources */,
				70D4C6511A237C1E001A655D /* menu_add_scan@2x.png in Resources */,
				70D4C65E1A237C1E001A655D /* QBImagePickerController.strings in Resources */,
				70D4C6531A237C1E001A655D /* menu_background@2x.png in Resources */,
				70D4C6441A237C1E001A655D /* bottom_bar_normal@2x.png in Resources */,
				70D4C6261A237C1E001A655D /* CDProfileController.xib in Resources */,
				70D4C6521A237C1E001A655D /* menu_add_voip@2x.png in Resources */,
				70D4C6751A237C1E001A655D /* CDLabelButtonTableCell.xib in Resources */,
				70D4C6381A237C1E001A655D /* AppIcon60x60@2x.png in Resources */,
				70D4C64F1A237C1E001A655D /* menu_add_newmessage@2x.png in Resources */,
				70D4C6391A237C1E001A655D /* default_user_avatar.png in Resources */,
				70D4C63B1A237C1E001A655D /* new_friends_icon.png in Resources */,
				70D4C6281A237C1E001A655D /* CDUserInfoController.xib in Resources */,
				70D4C6241A237C1E001A655D /* CDNewGroupViewController.xib in Resources */,
				70D4C66F1A237C1E001A655D /* CDImageLabelCollectionCell.xib in Resources */,
				70D4C6151A237C1E001A655D /* CDContactListController.xib in Resources */,
				70D4C6201A237C1E001A655D /* CDGroupDetailController.xib in Resources */,
				70D4C6411A237C1E001A655D /* background@2x.png in Resources */,
				70D4C64E1A237C1E001A655D /* menu_add_friend@2x.png in Resources */,
				70D4C63F1A237C1E001A655D /* input_bg_bottom@2x.png in Resources */,
				70D4C6561A237C1E001A655D /* profile@2x.png in Resources */,
			);
			runOnlyForDeploymentPostprocessing = 0;
		};
/* End PBXResourcesBuildPhase section */

/* Begin PBXShellScriptBuildPhase section */
		0BD29758866DFF6594012237 /* Check Pods Manifest.lock */ = {
			isa = PBXShellScriptBuildPhase;
			buildActionMask = 2147483647;
			files = (
			);
			inputPaths = (
			);
			name = "Check Pods Manifest.lock";
			outputPaths = (
			);
			runOnlyForDeploymentPostprocessing = 0;
			shellPath = /bin/sh;
			shellScript = "diff \"${PODS_ROOT}/../Podfile.lock\" \"${PODS_ROOT}/Manifest.lock\" > /dev/null\nif [[ $? != 0 ]] ; then\n    cat << EOM\nerror: The sandbox is not in sync with the Podfile.lock. Run 'pod install' or update your CocoaPods installation.\nEOM\n    exit 1\nfi\n";
			showEnvVarsInLog = 0;
		};
		374921E31B93B2AB9652CB46 /* Copy Pods Resources */ = {
			isa = PBXShellScriptBuildPhase;
			buildActionMask = 2147483647;
			files = (
			);
			inputPaths = (
			);
			name = "Copy Pods Resources";
			outputPaths = (
			);
			runOnlyForDeploymentPostprocessing = 0;
			shellPath = /bin/sh;
			shellScript = "\"${SRCROOT}/Pods/Target Support Files/Pods/Pods-resources.sh\"\n";
			showEnvVarsInLog = 0;
		};
/* End PBXShellScriptBuildPhase section */

/* Begin PBXSourcesBuildPhase section */
		8CF21DC3197FCCC1002B9220 /* Sources */ = {
			isa = PBXSourcesBuildPhase;
			buildActionMask = 2147483647;
			files = (
				70D4C6361A237C1E001A655D /* CDSessionManager.m in Sources */,
				70D4C6341A237C1E001A655D /* CDChatRoom.m in Sources */,
				70D4C6331A237C1E001A655D /* CDChatGroup.m in Sources */,
				70D4C6311A237C1E001A655D /* main.m in Sources */,
				70D4C6691A237C1E001A655D /* DataMatrix.mm in Sources */,
				70D4C6601A237C1E001A655D /* QBAssetsCollectionFooterView.m in Sources */,
				70D4C6741A237C1E001A655D /* CDLabelButtonTableCell.m in Sources */,
				70D4C67A1A237C1E001A655D /* ResizableButton.m in Sources */,
				70D4C6321A237C1E001A655D /* CDAddRequest.m in Sources */,
				70D4C6111A237C1E001A655D /* CDChatListController.m in Sources */,
				70D4C6141A237C1E001A655D /* CDContactListController.m in Sources */,
				70D4C6351A237C1E001A655D /* CDMsg.m in Sources */,
				70D4C6791A237C1E001A655D /* CDTextField.m in Sources */,
				70D4C6621A237C1E001A655D /* QBAssetsCollectionVideoIndicatorView.m in Sources */,
				70D4C6661A237C1E001A655D /* QBImagePickerController.m in Sources */,
				70D4C6591A237C1E001A655D /* FMDatabase.m in Sources */,
				70D4C62D1A237C1E001A655D /* CDUtils.m in Sources */,
				70D4C6191A237C1E001A655D /* CDAddFriendController.m in Sources */,
				70D4C6211A237C1E001A655D /* CDGroupTableViewController.m in Sources */,
				70D4C66B1A237C1E001A655D /* QREncoder.mm in Sources */,
				70D4C6291A237C1E001A655D /* CDAddRequestService.m in Sources */,
				70D4C60C1A237C1E001A655D /* CDBaseNavigationController.m in Sources */,
				70D4C60F1A237C1E001A655D /* CDChatConfirmController.m in Sources */,
				70D4C6771A237C1E001A655D /* CDPopMenuItem.m in Sources */,
				70D4C6611A237C1E001A655D /* QBAssetsCollectionOverlayView.m in Sources */,
				70D4C60D1A237C1E001A655D /* CDBaseTabBarController.m in Sources */,
				70D4C6781A237C1E001A655D /* CDPopMenuItemCell.m in Sources */,
				70D4C6651A237C1E001A655D /* QBAssetsCollectionViewLayout.m in Sources */,
				70D4C66E1A237C1E001A655D /* CDImageLabelCollectionCell.m in Sources */,
				70D4C6641A237C1E001A655D /* QBAssetsCollectionViewController.m in Sources */,
				70D4C65D1A237C1E001A655D /* FMResultSet.m in Sources */,
				70D4C65C1A237C1E001A655D /* FMDatabaseQueue.m in Sources */,
				70D4C6271A237C1E001A655D /* CDUserInfoController.m in Sources */,
				70D4C6721A237C1E001A655D /* CDImageTwoLabelTableCell.m in Sources */,
				70D4C66D1A237C1E001A655D /* CDButton.m in Sources */,
				70D4C6671A237C1E001A655D /* QBImagePickerGroupCell.m in Sources */,
				70D4C62C1A237C1E001A655D /* CDUserService.m in Sources */,
				70D4C61B1A237C1E001A655D /* CDLoginController.m in Sources */,
				70D4C61C1A237C1E001A655D /* CDRegisterController.m in Sources */,
				70D4C66C1A237C1E001A655D /* UIImage+Resize.m in Sources */,
				70D4C65A1A237C1E001A655D /* FMDatabaseAdditions.m in Sources */,
				70D4C6131A237C1E001A655D /* CDChatRoomController.m in Sources */,
				70D4C62A1A237C1E001A655D /* CDCloudService.m in Sources */,
				70D4C6761A237C1E001A655D /* CDPopMenu.m in Sources */,
				70D4C6161A237C1E001A655D /* CDNewFriendTableViewController.m in Sources */,
				70D4C6101A237C1E001A655D /* CDChatDetailController.mm in Sources */,
				70D4C6251A237C1E001A655D /* CDProfileController.m in Sources */,
				70D4C6631A237C1E001A655D /* QBAssetsCollectionViewCell.m in Sources */,
				70D4C66A1A237C1E001A655D /* QR_Encode.cpp in Sources */,
				70D4C6231A237C1E001A655D /* CDNewGroupViewController.m in Sources */,
				70D4C6701A237C1E001A655D /* CDImageLabelTableCell.m in Sources */,
				70D4C65F1A237C1E001A655D /* QBAssetsCollectionCheckmarkView.m in Sources */,
				70D4C60E1A237C1E001A655D /* CDBaseTableController.m in Sources */,
				70D4C60A1A237C1E001A655D /* CDAppDelegate.m in Sources */,
				70D4C61D1A237C1E001A655D /* CDGroupAddMemberController.m in Sources */,
				70D4C60B1A237C1E001A655D /* CDBaseController.m in Sources */,
				70D4C65B1A237C1E001A655D /* FMDatabasePool.m in Sources */,
				70D4C6681A237C1E001A655D /* QBImagePickerThumbnailView.m in Sources */,
				70D4C62B1A237C1E001A655D /* CDGroupService.m in Sources */,
				70D4C61F1A237C1E001A655D /* CDGroupDetailController.m in Sources */,
			);
			runOnlyForDeploymentPostprocessing = 0;
		};
/* End PBXSourcesBuildPhase section */

/* Begin PBXVariantGroup section */
		70D4C5841A237C1E001A655D /* InfoPlist.strings */ = {
			isa = PBXVariantGroup;
			children = (
				70D4C5851A237C1E001A655D /* en */,
			);
			name = InfoPlist.strings;
			sourceTree = "<group>";
		};
		70D4C5D01A237C1E001A655D /* QBImagePickerController.strings */ = {
			isa = PBXVariantGroup;
			children = (
				70D4C5D11A237C1E001A655D /* en */,
				70D4C5D21A237C1E001A655D /* ja */,
			);
			name = QBImagePickerController.strings;
			sourceTree = "<group>";
		};
/* End PBXVariantGroup section */

/* Begin XCBuildConfiguration section */
		8CF21DF1197FCCC1002B9220 /* Debug */ = {
			isa = XCBuildConfiguration;
			buildSettings = {
				ALWAYS_SEARCH_USER_PATHS = NO;
				CLANG_CXX_LANGUAGE_STANDARD = "gnu++0x";
				CLANG_CXX_LIBRARY = "libc++";
				CLANG_ENABLE_MODULES = YES;
				CLANG_ENABLE_OBJC_ARC = YES;
				CLANG_WARN_BOOL_CONVERSION = YES;
				CLANG_WARN_CONSTANT_CONVERSION = YES;
				CLANG_WARN_DIRECT_OBJC_ISA_USAGE = YES_ERROR;
				CLANG_WARN_EMPTY_BODY = YES;
				CLANG_WARN_ENUM_CONVERSION = YES;
				CLANG_WARN_INT_CONVERSION = YES;
				CLANG_WARN_OBJC_ROOT_CLASS = YES_ERROR;
				CLANG_WARN__DUPLICATE_METHOD_MATCH = YES;
				CODE_SIGN_IDENTITY = "iOS Development: 智维 李 (DQF8JZ3M7J)";
				"CODE_SIGN_IDENTITY[sdk=iphoneos*]" = "";
				COPY_PHASE_STRIP = NO;
				GCC_C_LANGUAGE_STANDARD = gnu99;
				GCC_DYNAMIC_NO_PIC = NO;
				GCC_GENERATE_TEST_COVERAGE_FILES = YES;
				GCC_INSTRUMENT_PROGRAM_FLOW_ARCS = YES;
				GCC_OPTIMIZATION_LEVEL = 0;
				GCC_PREPROCESSOR_DEFINITIONS = (
					"DEBUG=1",
					"$(inherited)",
				);
				GCC_SYMBOLS_PRIVATE_EXTERN = NO;
				GCC_WARN_64_TO_32_BIT_CONVERSION = YES;
				GCC_WARN_ABOUT_RETURN_TYPE = YES_ERROR;
				GCC_WARN_UNDECLARED_SELECTOR = YES;
				GCC_WARN_UNINITIALIZED_AUTOS = YES_AGGRESSIVE;
				GCC_WARN_UNUSED_FUNCTION = YES;
				GCC_WARN_UNUSED_VARIABLE = YES;
				IPHONEOS_DEPLOYMENT_TARGET = 6.0;
				ONLY_ACTIVE_ARCH = YES;
				PROVISIONING_PROFILE = "fb2dce67-44f6-4edf-ad68-892643b92841";
				SDKROOT = iphoneos;
			};
			name = Debug;
		};
		8CF21DF2197FCCC1002B9220 /* Release */ = {
			isa = XCBuildConfiguration;
			buildSettings = {
				ALWAYS_SEARCH_USER_PATHS = NO;
				CLANG_CXX_LANGUAGE_STANDARD = "gnu++0x";
				CLANG_CXX_LIBRARY = "libc++";
				CLANG_ENABLE_MODULES = YES;
				CLANG_ENABLE_OBJC_ARC = YES;
				CLANG_WARN_BOOL_CONVERSION = YES;
				CLANG_WARN_CONSTANT_CONVERSION = YES;
				CLANG_WARN_DIRECT_OBJC_ISA_USAGE = YES_ERROR;
				CLANG_WARN_EMPTY_BODY = YES;
				CLANG_WARN_ENUM_CONVERSION = YES;
				CLANG_WARN_INT_CONVERSION = YES;
				CLANG_WARN_OBJC_ROOT_CLASS = YES_ERROR;
				CLANG_WARN__DUPLICATE_METHOD_MATCH = YES;
				CODE_SIGN_IDENTITY = "iOS Development: 智维 李 (DQF8JZ3M7J)";
				"CODE_SIGN_IDENTITY[sdk=iphoneos*]" = "";
				COPY_PHASE_STRIP = YES;
				ENABLE_NS_ASSERTIONS = NO;
				GCC_C_LANGUAGE_STANDARD = gnu99;
				GCC_WARN_64_TO_32_BIT_CONVERSION = YES;
				GCC_WARN_ABOUT_RETURN_TYPE = YES_ERROR;
				GCC_WARN_UNDECLARED_SELECTOR = YES;
				GCC_WARN_UNINITIALIZED_AUTOS = YES_AGGRESSIVE;
				GCC_WARN_UNUSED_FUNCTION = YES;
				GCC_WARN_UNUSED_VARIABLE = YES;
				IPHONEOS_DEPLOYMENT_TARGET = 6.0;
				PROVISIONING_PROFILE = "fb2dce67-44f6-4edf-ad68-892643b92841";
				SDKROOT = iphoneos;
				VALIDATE_PRODUCT = YES;
			};
			name = Release;
		};
		8CF21DF4197FCCC1002B9220 /* Debug */ = {
			isa = XCBuildConfiguration;
			baseConfigurationReference = 1AE56C31C63DFD24A31AC420 /* Pods.debug.xcconfig */;
			buildSettings = {
				ASSETCATALOG_COMPILER_APPICON_NAME = "AppIcon-1";
				ASSETCATALOG_COMPILER_LAUNCHIMAGE_NAME = "LaunchImage-1";
				CLANG_CXX_LANGUAGE_STANDARD = "compiler-default";
				CLANG_CXX_LIBRARY = "compiler-default";
				FRAMEWORK_SEARCH_PATHS = (
					"$(inherited)",
					"$(PROJECT_DIR)/Frameworks",
				);
				GCC_PRECOMPILE_PREFIX_HEADER = YES;
				GCC_PREFIX_HEADER = "AVOSChatDemo/LeanChat-Prefix.pch";
				HEADER_SEARCH_PATHS = (
					"$(inherited)",
					"/Applications/Xcode6-Beta4.app/Contents/Developer/Toolchains/XcodeDefault.xctoolchain/usr/include",
					"$(PROJECT_DIR)/$(TARGET_NAME)/third_party/ZXing",
				);
				INFOPLIST_FILE = "AVOSChatDemo/LeanChat-Info.plist";
				IPHONEOS_DEPLOYMENT_TARGET = 7.0;
				LIBRARY_SEARCH_PATHS = (
					"$(inherited)",
					"$(PROJECT_DIR)/Frameworks",
				);
				PRODUCT_NAME = LeanChat;
				PROVISIONING_PROFILE = "fb2dce67-44f6-4edf-ad68-892643b92841";
				TARGETED_DEVICE_FAMILY = 1;
				WRAPPER_EXTENSION = app;
			};
			name = Debug;
		};
		8CF21DF5197FCCC1002B9220 /* Release */ = {
			isa = XCBuildConfiguration;
			baseConfigurationReference = AEDF34F39BB747755DB36529 /* Pods.release.xcconfig */;
			buildSettings = {
				ASSETCATALOG_COMPILER_APPICON_NAME = "AppIcon-1";
				ASSETCATALOG_COMPILER_LAUNCHIMAGE_NAME = "LaunchImage-1";
				CLANG_CXX_LANGUAGE_STANDARD = "compiler-default";
				CLANG_CXX_LIBRARY = "compiler-default";
				"CODE_SIGN_IDENTITY[sdk=iphoneos*]" = "";
				FRAMEWORK_SEARCH_PATHS = (
					"$(inherited)",
					"$(PROJECT_DIR)/Frameworks",
				);
				GCC_PRECOMPILE_PREFIX_HEADER = YES;
				GCC_PREFIX_HEADER = "AVOSChatDemo/LeanChat-Prefix.pch";
				HEADER_SEARCH_PATHS = (
					"$(inherited)",
					"/Applications/Xcode6-Beta4.app/Contents/Developer/Toolchains/XcodeDefault.xctoolchain/usr/include",
					"$(PROJECT_DIR)/$(TARGET_NAME)/third_party/ZXing",
				);
				INFOPLIST_FILE = "AVOSChatDemo/LeanChat-Info.plist";
				IPHONEOS_DEPLOYMENT_TARGET = 7.0;
				LIBRARY_SEARCH_PATHS = (
					"$(inherited)",
					"$(PROJECT_DIR)/Frameworks",
				);
				PRODUCT_NAME = LeanChat;
				PROVISIONING_PROFILE = "fb2dce67-44f6-4edf-ad68-892643b92841";
				TARGETED_DEVICE_FAMILY = 1;
				WRAPPER_EXTENSION = app;
			};
			name = Release;
		};
/* End XCBuildConfiguration section */

/* Begin XCConfigurationList section */
		8CF21DC2197FCCC1002B9220 /* Build configuration list for PBXProject "LeanChat" */ = {
			isa = XCConfigurationList;
			buildConfigurations = (
				8CF21DF1197FCCC1002B9220 /* Debug */,
				8CF21DF2197FCCC1002B9220 /* Release */,
			);
			defaultConfigurationIsVisible = 0;
			defaultConfigurationName = Release;
		};
		8CF21DF3197FCCC1002B9220 /* Build configuration list for PBXNativeTarget "LeanChat" */ = {
			isa = XCConfigurationList;
			buildConfigurations = (
				8CF21DF4197FCCC1002B9220 /* Debug */,
				8CF21DF5197FCCC1002B9220 /* Release */,
			);
			defaultConfigurationIsVisible = 0;
			defaultConfigurationName = Release;
		};
/* End XCConfigurationList section */
	};
	rootObject = 8CF21DBF197FCCC1002B9220 /* Project object */;
}
