PODS:
  - AVOSCloud (3.1.1.1)
  - AVOSCloudIM (3.1.1.1):
    - AVOSCloud
  - FMDB (2.5):
    - FMDB/standard (= 2.5)
  - FMDB/common (2.5)
  - FMDB/standard (2.5):
    - FMDB/common
  - JSBadgeView (1.4.1)
  - LZConversationCell (0.0.1):
    - JSBadgeView (~> 1.4)

DEPENDENCIES:
  - AVOSCloud
  - AVOSCloudIM
  - FMDB
  - JSBadgeView
  - LZConversationCell

SPEC CHECKSUMS:
  AVOSCloud: 0c0b91ffd91f83b448312027e5f8b243f261c42a
  AVOSCloudIM: d3f1da845152724fa99350c8b1da559278d7bd68
  FMDB: 96e8f1bcc1329e269330f99770ad4285d9003e52
  JSBadgeView: 3861ddee41094284d9468e6d0af5107f703aaac5
  LZConversationCell: 1ca4144f48a77ce69f32026e0266e24f89eb3a60

COCOAPODS: 0.37.2
